// !$*UTF8*$!
{
	archiveVersion = 1;
	classes = {
	};
	objectVersion = 56;
	objects = {

/* Begin PBXBuildFile section */
		85D1F3032CDA213F00C661F3 /* AppDelegate.swift in Sources */ = {isa = PBXBuildFile; fileRef = 85D1F3022CDA213F00C661F3 /* AppDelegate.swift */; };
		85D1F3052CDA213F00C661F3 /* SceneDelegate.swift in Sources */ = {isa = PBXBuildFile; fileRef = 85D1F3042CDA213F00C661F3 /* SceneDelegate.swift */; };
		85D1F3072CDA213F00C661F3 /* ViewController.swift in Sources */ = {isa = PBXBuildFile; fileRef = 85D1F3062CDA213F00C661F3 /* ViewController.swift */; };
		85D1F30C2CDA214100C661F3 /* Assets.xcassets in Resources */ = {isa = PBXBuildFile; fileRef = 85D1F30B2CDA214100C661F3 /* Assets.xcassets */; };
		85D1F30F2CDA214100C661F3 /* LaunchScreen.storyboard in Resources */ = {isa = PBXBuildFile; fileRef = 85D1F30D2CDA214100C661F3 /* LaunchScreen.storyboard */; };
		85D1F31A2CDA214100C661F3 /* vababushkinPW2Tests.swift in Sources */ = {isa = PBXBuildFile; fileRef = 85D1F3192CDA214100C661F3 /* vababushkinPW2Tests.swift */; };
		85D1F3242CDA214100C661F3 /* vababushkinPW2UITests.swift in Sources */ = {isa = PBXBuildFile; fileRef = 85D1F3232CDA214100C661F3 /* vababushkinPW2UITests.swift */; };
		85D1F3262CDA214100C661F3 /* vababushkinPW2UITestsLaunchTests.swift in Sources */ = {isa = PBXBuildFile; fileRef = 85D1F3252CDA214100C661F3 /* vababushkinPW2UITestsLaunchTests.swift */; };
		85D1F3332CDA322700C661F3 /* CustomSlider.swift in Sources */ = {isa = PBXBuildFile; fileRef = 85D1F3322CDA322700C661F3 /* CustomSlider.swift */; };
		85D1F33E2CDA4F5F00C661F3 /* SimpleColor.swift in Sources */ = {isa = PBXBuildFile; fileRef = 85D1F33D2CDA4F5F00C661F3 /* SimpleColor.swift */; };
		85D1F3402CDA52E800C661F3 /* UIView+Pin.swift in Sources */ = {isa = PBXBuildFile; fileRef = 85D1F33F2CDA52E800C661F3 /* UIView+Pin.swift */; };
		85D1F3442CDA572800C661F3 /* ViewControllerConstants.swift in Sources */ = {isa = PBXBuildFile; fileRef = 85D1F3432CDA572800C661F3 /* ViewControllerConstants.swift */; };
		85D1F3462CDA643800C661F3 /* README.md in Resources */ = {isa = PBXBuildFile; fileRef = 85D1F3452CDA643700C661F3 /* README.md */; };
/* End PBXBuildFile section */

/* Begin PBXContainerItemProxy section */
		85D1F3162CDA214100C661F3 /* PBXContainerItemProxy */ = {
			isa = PBXContainerItemProxy;
			containerPortal = 85D1F2F72CDA213F00C661F3 /* Project object */;
			proxyType = 1;
			remoteGlobalIDString = 85D1F2FE2CDA213F00C661F3;
			remoteInfo = vababushkinPW2;
		};
		85D1F3202CDA214100C661F3 /* PBXContainerItemProxy */ = {
			isa = PBXContainerItemProxy;
			containerPortal = 85D1F2F72CDA213F00C661F3 /* Project object */;
			proxyType = 1;
			remoteGlobalIDString = 85D1F2FE2CDA213F00C661F3;
			remoteInfo = vababushkinPW2;
		};
/* End PBXContainerItemProxy section */

/* Begin PBXFileReference section */
		85D1F2FF2CDA213F00C661F3 /* vababushkinPW2.app */ = {isa = PBXFileReference; explicitFileType = wrapper.application; includeInIndex = 0; path = vababushkinPW2.app; sourceTree = BUILT_PRODUCTS_DIR; };
		85D1F3022CDA213F00C661F3 /* AppDelegate.swift */ = {isa = PBXFileReference; lastKnownFileType = sourcecode.swift; path = AppDelegate.swift; sourceTree = "<group>"; };
		85D1F3042CDA213F00C661F3 /* SceneDelegate.swift */ = {isa = PBXFileReference; lastKnownFileType = sourcecode.swift; path = SceneDelegate.swift; sourceTree = "<group>"; };
		85D1F3062CDA213F00C661F3 /* ViewController.swift */ = {isa = PBXFileReference; lastKnownFileType = sourcecode.swift; path = ViewController.swift; sourceTree = "<group>"; };
		85D1F30B2CDA214100C661F3 /* Assets.xcassets */ = {isa = PBXFileReference; lastKnownFileType = folder.assetcatalog; path = Assets.xcassets; sourceTree = "<group>"; };
		85D1F30E2CDA214100C661F3 /* Base */ = {isa = PBXFileReference; lastKnownFileType = file.storyboard; name = Base; path = Base.lproj/LaunchScreen.storyboard; sourceTree = "<group>"; };
		85D1F3102CDA214100C661F3 /* Info.plist */ = {isa = PBXFileReference; lastKnownFileType = text.plist.xml; path = Info.plist; sourceTree = "<group>"; };
		85D1F3152CDA214100C661F3 /* vababushkinPW2Tests.xctest */ = {isa = PBXFileReference; explicitFileType = wrapper.cfbundle; includeInIndex = 0; path = vababushkinPW2Tests.xctest; sourceTree = BUILT_PRODUCTS_DIR; };
		85D1F3192CDA214100C661F3 /* vababushkinPW2Tests.swift */ = {isa = PBXFileReference; lastKnownFileType = sourcecode.swift; path = vababushkinPW2Tests.swift; sourceTree = "<group>"; };
		85D1F31F2CDA214100C661F3 /* vababushkinPW2UITests.xctest */ = {isa = PBXFileReference; explicitFileType = wrapper.cfbundle; includeInIndex = 0; path = vababushkinPW2UITests.xctest; sourceTree = BUILT_PRODUCTS_DIR; };
		85D1F3232CDA214100C661F3 /* vababushkinPW2UITests.swift */ = {isa = PBXFileReference; lastKnownFileType = sourcecode.swift; path = vababushkinPW2UITests.swift; sourceTree = "<group>"; };
		85D1F3252CDA214100C661F3 /* vababushkinPW2UITestsLaunchTests.swift */ = {isa = PBXFileReference; lastKnownFileType = sourcecode.swift; path = vababushkinPW2UITestsLaunchTests.swift; sourceTree = "<group>"; };
		85D1F3322CDA322700C661F3 /* CustomSlider.swift */ = {isa = PBXFileReference; lastKnownFileType = sourcecode.swift; path = CustomSlider.swift; sourceTree = "<group>"; };
		85D1F33D2CDA4F5F00C661F3 /* SimpleColor.swift */ = {isa = PBXFileReference; lastKnownFileType = sourcecode.swift; path = SimpleColor.swift; sourceTree = "<group>"; };
		85D1F33F2CDA52E800C661F3 /* UIView+Pin.swift */ = {isa = PBXFileReference; lastKnownFileType = sourcecode.swift; path = "UIView+Pin.swift"; sourceTree = "<group>"; };
		85D1F3432CDA572800C661F3 /* ViewControllerConstants.swift */ = {isa = PBXFileReference; lastKnownFileType = sourcecode.swift; path = ViewControllerConstants.swift; sourceTree = "<group>"; };
		85D1F3452CDA643700C661F3 /* README.md */ = {isa = PBXFileReference; fileEncoding = 4; lastKnownFileType = net.daringfireball.markdown; name = README.md; path = ../../../../../Downloads/README.md; sourceTree = "<group>"; };
/* End PBXFileReference section */

/* Begin PBXFrameworksBuildPhase section */
		85D1F2FC2CDA213F00C661F3 /* Frameworks */ = {
			isa = PBXFrameworksBuildPhase;
			buildActionMask = 2147483647;
			files = (
			);
			runOnlyForDeploymentPostprocessing = 0;
		};
		85D1F3122CDA214100C661F3 /* Frameworks */ = {
			isa = PBXFrameworksBuildPhase;
			buildActionMask = 2147483647;
			files = (
			);
			runOnlyForDeploymentPostprocessing = 0;
		};
		85D1F31C2CDA214100C661F3 /* Frameworks */ = {
			isa = PBXFrameworksBuildPhase;
			buildActionMask = 2147483647;
			files = (
			);
			runOnlyForDeploymentPostprocessing = 0;
		};
/* End PBXFrameworksBuildPhase section */

/* Begin PBXGroup section */
		85D1F2F62CDA213F00C661F3 = {
			isa = PBXGroup;
			children = (
				85D1F3452CDA643700C661F3 /* README.md */,
				85D1F3012CDA213F00C661F3 /* vababushkinPW2 */,
				85D1F3182CDA214100C661F3 /* vababushkinPW2Tests */,
				85D1F3222CDA214100C661F3 /* vababushkinPW2UITests */,
				85D1F3002CDA213F00C661F3 /* Products */,
			);
			sourceTree = "<group>";
		};
		85D1F3002CDA213F00C661F3 /* Products */ = {
			isa = PBXGroup;
			children = (
				85D1F2FF2CDA213F00C661F3 /* vababushkinPW2.app */,
				85D1F3152CDA214100C661F3 /* vababushkinPW2Tests.xctest */,
				85D1F31F2CDA214100C661F3 /* vababushkinPW2UITests.xctest */,
			);
			name = Products;
			sourceTree = "<group>";
		};
		85D1F3012CDA213F00C661F3 /* vababushkinPW2 */ = {
			isa = PBXGroup;
			children = (
				85D1F33C2CDA4F2D00C661F3 /* Model */,
				85D1F3392CDA4EBF00C661F3 /* Controller */,
				85D1F3362CDA4C7E00C661F3 /* View */,
				85D1F30B2CDA214100C661F3 /* Assets.xcassets */,
				85D1F30D2CDA214100C661F3 /* LaunchScreen.storyboard */,
				85D1F3102CDA214100C661F3 /* Info.plist */,
			);
			path = vababushkinPW2;
			sourceTree = "<group>";
		};
		85D1F3182CDA214100C661F3 /* vababushkinPW2Tests */ = {
			isa = PBXGroup;
			children = (
				85D1F3192CDA214100C661F3 /* vababushkinPW2Tests.swift */,
			);
			path = vababushkinPW2Tests;
			sourceTree = "<group>";
		};
		85D1F3222CDA214100C661F3 /* vababushkinPW2UITests */ = {
			isa = PBXGroup;
			children = (
				85D1F3232CDA214100C661F3 /* vababushkinPW2UITests.swift */,
				85D1F3252CDA214100C661F3 /* vababushkinPW2UITestsLaunchTests.swift */,
			);
			path = vababushkinPW2UITests;
			sourceTree = "<group>";
		};
		85D1F3362CDA4C7E00C661F3 /* View */ = {
			isa = PBXGroup;
			children = (
				85D1F33F2CDA52E800C661F3 /* UIView+Pin.swift */,
				85D1F3042CDA213F00C661F3 /* SceneDelegate.swift */,
				85D1F3062CDA213F00C661F3 /* ViewController.swift */,
				85D1F3432CDA572800C661F3 /* ViewControllerConstants.swift */,
			);
			path = View;
			sourceTree = "<group>";
		};
		85D1F3392CDA4EBF00C661F3 /* Controller */ = {
			isa = PBXGroup;
			children = (
				85D1F3022CDA213F00C661F3 /* AppDelegate.swift */,
			);
			path = Controller;
			sourceTree = "<group>";
		};
		85D1F33C2CDA4F2D00C661F3 /* Model */ = {
			isa = PBXGroup;
			children = (
				85D1F3322CDA322700C661F3 /* CustomSlider.swift */,
				85D1F33D2CDA4F5F00C661F3 /* SimpleColor.swift */,
			);
			path = Model;
			sourceTree = "<group>";
		};
/* End PBXGroup section */

/* Begin PBXNativeTarget section */
		85D1F2FE2CDA213F00C661F3 /* vababushkinPW2 */ = {
			isa = PBXNativeTarget;
			buildConfigurationList = 85D1F3292CDA214100C661F3 /* Build configuration list for PBXNativeTarget "vababushkinPW2" */;
			buildPhases = (
				85D1F2FB2CDA213F00C661F3 /* Sources */,
				85D1F2FC2CDA213F00C661F3 /* Frameworks */,
				85D1F2FD2CDA213F00C661F3 /* Resources */,
			);
			buildRules = (
			);
			dependencies = (
			);
			name = vababushkinPW2;
			productName = vababushkinPW2;
			productReference = 85D1F2FF2CDA213F00C661F3 /* vababushkinPW2.app */;
			productType = "com.apple.product-type.application";
		};
		85D1F3142CDA214100C661F3 /* vababushkinPW2Tests */ = {
			isa = PBXNativeTarget;
			buildConfigurationList = 85D1F32C2CDA214100C661F3 /* Build configuration list for PBXNativeTarget "vababushkinPW2Tests" */;
			buildPhases = (
				85D1F3112CDA214100C661F3 /* Sources */,
				85D1F3122CDA214100C661F3 /* Frameworks */,
				85D1F3132CDA214100C661F3 /* Resources */,
			);
			buildRules = (
			);
			dependencies = (
				85D1F3172CDA214100C661F3 /* PBXTargetDependency */,
			);
			name = vababushkinPW2Tests;
			productName = vababushkinPW2Tests;
			productReference = 85D1F3152CDA214100C661F3 /* vababushkinPW2Tests.xctest */;
			productType = "com.apple.product-type.bundle.unit-test";
		};
		85D1F31E2CDA214100C661F3 /* vababushkinPW2UITests */ = {
			isa = PBXNativeTarget;
			buildConfigurationList = 85D1F32F2CDA214100C661F3 /* Build configuration list for PBXNativeTarget "vababushkinPW2UITests" */;
			buildPhases = (
				85D1F31B2CDA214100C661F3 /* Sources */,
				85D1F31C2CDA214100C661F3 /* Frameworks */,
				85D1F31D2CDA214100C661F3 /* Resources */,
			);
			buildRules = (
			);
			dependencies = (
				85D1F3212CDA214100C661F3 /* PBXTargetDependency */,
			);
			name = vababushkinPW2UITests;
			productName = vababushkinPW2UITests;
			productReference = 85D1F31F2CDA214100C661F3 /* vababushkinPW2UITests.xctest */;
			productType = "com.apple.product-type.bundle.ui-testing";
		};
/* End PBXNativeTarget section */

/* Begin PBXProject section */
		85D1F2F72CDA213F00C661F3 /* Project object */ = {
			isa = PBXProject;
			attributes = {
				BuildIndependentTargetsInParallel = 1;
				LastSwiftUpdateCheck = 1430;
				LastUpgradeCheck = 1430;
				TargetAttributes = {
					85D1F2FE2CDA213F00C661F3 = {
						CreatedOnToolsVersion = 14.3.1;
					};
					85D1F3142CDA214100C661F3 = {
						CreatedOnToolsVersion = 14.3.1;
						TestTargetID = 85D1F2FE2CDA213F00C661F3;
					};
					85D1F31E2CDA214100C661F3 = {
						CreatedOnToolsVersion = 14.3.1;
						TestTargetID = 85D1F2FE2CDA213F00C661F3;
					};
				};
			};
			buildConfigurationList = 85D1F2FA2CDA213F00C661F3 /* Build configuration list for PBXProject "vababushkinPW2" */;
			compatibilityVersion = "Xcode 14.0";
			developmentRegion = en;
			hasScannedForEncodings = 0;
			knownRegions = (
				en,
				Base,
			);
			mainGroup = 85D1F2F62CDA213F00C661F3;
			productRefGroup = 85D1F3002CDA213F00C661F3 /* Products */;
			projectDirPath = "";
			projectRoot = "";
			targets = (
				85D1F2FE2CDA213F00C661F3 /* vababushkinPW2 */,
				85D1F3142CDA214100C661F3 /* vababushkinPW2Tests */,
				85D1F31E2CDA214100C661F3 /* vababushkinPW2UITests */,
			);
		};
/* End PBXProject section */

/* Begin PBXResourcesBuildPhase section */
		85D1F2FD2CDA213F00C661F3 /* Resources */ = {
			isa = PBXResourcesBuildPhase;
			buildActionMask = 2147483647;
			files = (
				85D1F3462CDA643800C661F3 /* README.md in Resources */,
				85D1F30F2CDA214100C661F3 /* LaunchScreen.storyboard in Resources */,
				85D1F30C2CDA214100C661F3 /* Assets.xcassets in Resources */,
			);
			runOnlyForDeploymentPostprocessing = 0;
		};
		85D1F3132CDA214100C661F3 /* Resources */ = {
			isa = PBXResourcesBuildPhase;
			buildActionMask = 2147483647;
			files = (
			);
			runOnlyForDeploymentPostprocessing = 0;
		};
		85D1F31D2CDA214100C661F3 /* Resources */ = {
			isa = PBXResourcesBuildPhase;
			buildActionMask = 2147483647;
			files = (
			);
			runOnlyForDeploymentPostprocessing = 0;
		};
/* End PBXResourcesBuildPhase section */

/* Begin PBXSourcesBuildPhase section */
		85D1F2FB2CDA213F00C661F3 /* Sources */ = {
			isa = PBXSourcesBuildPhase;
			buildActionMask = 2147483647;
			files = (
				85D1F33E2CDA4F5F00C661F3 /* SimpleColor.swift in Sources */,
				85D1F3072CDA213F00C661F3 /* ViewController.swift in Sources */,
				85D1F3032CDA213F00C661F3 /* AppDelegate.swift in Sources */,
				85D1F3052CDA213F00C661F3 /* SceneDelegate.swift in Sources */,
				85D1F3402CDA52E800C661F3 /* UIView+Pin.swift in Sources */,
				85D1F3442CDA572800C661F3 /* ViewControllerConstants.swift in Sources */,
				85D1F3332CDA322700C661F3 /* CustomSlider.swift in Sources */,
			);
			runOnlyForDeploymentPostprocessing = 0;
		};
		85D1F3112CDA214100C661F3 /* Sources */ = {
			isa = PBXSourcesBuildPhase;
			buildActionMask = 2147483647;
			files = (
				85D1F31A2CDA214100C661F3 /* vababushkinPW2Tests.swift in Sources */,
			);
			runOnlyForDeploymentPostprocessing = 0;
		};
		85D1F31B2CDA214100C661F3 /* Sources */ = {
			isa = PBXSourcesBuildPhase;
			buildActionMask = 2147483647;
			files = (
				85D1F3242CDA214100C661F3 /* vababushkinPW2UITests.swift in Sources */,
				85D1F3262CDA214100C661F3 /* vababushkinPW2UITestsLaunchTests.swift in Sources */,
			);
			runOnlyForDeploymentPostprocessing = 0;
		};
/* End PBXSourcesBuildPhase section */

/* Begin PBXTargetDependency section */
		85D1F3172CDA214100C661F3 /* PBXTargetDependency */ = {
			isa = PBXTargetDependency;
			target = 85D1F2FE2CDA213F00C661F3 /* vababushkinPW2 */;
			targetProxy = 85D1F3162CDA214100C661F3 /* PBXContainerItemProxy */;
		};
		85D1F3212CDA214100C661F3 /* PBXTargetDependency */ = {
			isa = PBXTargetDependency;
			target = 85D1F2FE2CDA213F00C661F3 /* vababushkinPW2 */;
			targetProxy = 85D1F3202CDA214100C661F3 /* PBXContainerItemProxy */;
		};
/* End PBXTargetDependency section */

/* Begin PBXVariantGroup section */
		85D1F30D2CDA214100C661F3 /* LaunchScreen.storyboard */ = {
			isa = PBXVariantGroup;
			children = (
				85D1F30E2CDA214100C661F3 /* Base */,
			);
			name = LaunchScreen.storyboard;
			sourceTree = "<group>";
		};
/* End PBXVariantGroup section */

/* Begin XCBuildConfiguration section */
		85D1F3272CDA214100C661F3 /* Debug */ = {
			isa = XCBuildConfiguration;
			buildSettings = {
				ALWAYS_SEARCH_USER_PATHS = NO;
				CLANG_ANALYZER_NONNULL = YES;
				CLANG_ANALYZER_NUMBER_OBJECT_CONVERSION = YES_AGGRESSIVE;
				CLANG_CXX_LANGUAGE_STANDARD = "gnu++20";
				CLANG_ENABLE_MODULES = YES;
				CLANG_ENABLE_OBJC_ARC = YES;
				CLANG_ENABLE_OBJC_WEAK = YES;
				CLANG_WARN_BLOCK_CAPTURE_AUTORELEASING = YES;
				CLANG_WARN_BOOL_CONVERSION = YES;
				CLANG_WARN_COMMA = YES;
				CLANG_WARN_CONSTANT_CONVERSION = YES;
				CLANG_WARN_DEPRECATED_OBJC_IMPLEMENTATIONS = YES;
				CLANG_WARN_DIRECT_OBJC_ISA_USAGE = YES_ERROR;
				CLANG_WARN_DOCUMENTATION_COMMENTS = YES;
				CLANG_WARN_EMPTY_BODY = YES;
				CLANG_WARN_ENUM_CONVERSION = YES;
				CLANG_WARN_INFINITE_RECURSION = YES;
				CLANG_WARN_INT_CONVERSION = YES;
				CLANG_WARN_NON_LITERAL_NULL_CONVERSION = YES;
				CLANG_WARN_OBJC_IMPLICIT_RETAIN_SELF = YES;
				CLANG_WARN_OBJC_LITERAL_CONVERSION = YES;
				CLANG_WARN_OBJC_ROOT_CLASS = YES_ERROR;
				CLANG_WARN_QUOTED_INCLUDE_IN_FRAMEWORK_HEADER = YES;
				CLANG_WARN_RANGE_LOOP_ANALYSIS = YES;
				CLANG_WARN_STRICT_PROTOTYPES = YES;
				CLANG_WARN_SUSPICIOUS_MOVE = YES;
				CLANG_WARN_UNGUARDED_AVAILABILITY = YES_AGGRESSIVE;
				CLANG_WARN_UNREACHABLE_CODE = YES;
				CLANG_WARN__DUPLICATE_METHOD_MATCH = YES;
				COPY_PHASE_STRIP = NO;
				DEBUG_INFORMATION_FORMAT = dwarf;
				ENABLE_STRICT_OBJC_MSGSEND = YES;
				ENABLE_TESTABILITY = YES;
				GCC_C_LANGUAGE_STANDARD = gnu11;
				GCC_DYNAMIC_NO_PIC = NO;
				GCC_NO_COMMON_BLOCKS = YES;
				GCC_OPTIMIZATION_LEVEL = 0;
				GCC_PREPROCESSOR_DEFINITIONS = (
					"DEBUG=1",
					"$(inherited)",
				);
				GCC_WARN_64_TO_32_BIT_CONVERSION = YES;
				GCC_WARN_ABOUT_RETURN_TYPE = YES_ERROR;
				GCC_WARN_UNDECLARED_SELECTOR = YES;
				GCC_WARN_UNINITIALIZED_AUTOS = YES_AGGRESSIVE;
				GCC_WARN_UNUSED_FUNCTION = YES;
				GCC_WARN_UNUSED_VARIABLE = YES;
				IPHONEOS_DEPLOYMENT_TARGET = 16.4;
				MTL_ENABLE_DEBUG_INFO = INCLUDE_SOURCE;
				MTL_FAST_MATH = YES;
				ONLY_ACTIVE_ARCH = YES;
				SDKROOT = iphoneos;
				SWIFT_ACTIVE_COMPILATION_CONDITIONS = DEBUG;
				SWIFT_OPTIMIZATION_LEVEL = "-Onone";
			};
			name = Debug;
		};
		85D1F3282CDA214100C661F3 /* Release */ = {
			isa = XCBuildConfiguration;
			buildSettings = {
				ALWAYS_SEARCH_USER_PATHS = NO;
				CLANG_ANALYZER_NONNULL = YES;
				CLANG_ANALYZER_NUMBER_OBJECT_CONVERSION = YES_AGGRESSIVE;
				CLANG_CXX_LANGUAGE_STANDARD = "gnu++20";
				CLANG_ENABLE_MODULES = YES;
				CLANG_ENABLE_OBJC_ARC = YES;
				CLANG_ENABLE_OBJC_WEAK = YES;
				CLANG_WARN_BLOCK_CAPTURE_AUTORELEASING = YES;
				CLANG_WARN_BOOL_CONVERSION = YES;
				CLANG_WARN_COMMA = YES;
				CLANG_WARN_CONSTANT_CONVERSION = YES;
				CLANG_WARN_DEPRECATED_OBJC_IMPLEMENTATIONS = YES;
				CLANG_WARN_DIRECT_OBJC_ISA_USAGE = YES_ERROR;
				CLANG_WARN_DOCUMENTATION_COMMENTS = YES;
				CLANG_WARN_EMPTY_BODY = YES;
				CLANG_WARN_ENUM_CONVERSION = YES;
				CLANG_WARN_INFINITE_RECURSION = YES;
				CLANG_WARN_INT_CONVERSION = YES;
				CLANG_WARN_NON_LITERAL_NULL_CONVERSION = YES;
				CLANG_WARN_OBJC_IMPLICIT_RETAIN_SELF = YES;
				CLANG_WARN_OBJC_LITERAL_CONVERSION = YES;
				CLANG_WARN_OBJC_ROOT_CLASS = YES_ERROR;
				CLANG_WARN_QUOTED_INCLUDE_IN_FRAMEWORK_HEADER = YES;
				CLANG_WARN_RANGE_LOOP_ANALYSIS = YES;
				CLANG_WARN_STRICT_PROTOTYPES = YES;
				CLANG_WARN_SUSPICIOUS_MOVE = YES;
				CLANG_WARN_UNGUARDED_AVAILABILITY = YES_AGGRESSIVE;
				CLANG_WARN_UNREACHABLE_CODE = YES;
				CLANG_WARN__DUPLICATE_METHOD_MATCH = YES;
				COPY_PHASE_STRIP = NO;
				DEBUG_INFORMATION_FORMAT = "dwarf-with-dsym";
				ENABLE_NS_ASSERTIONS = NO;
				ENABLE_STRICT_OBJC_MSGSEND = YES;
				GCC_C_LANGUAGE_STANDARD = gnu11;
				GCC_NO_COMMON_BLOCKS = YES;
				GCC_WARN_64_TO_32_BIT_CONVERSION = YES;
				GCC_WARN_ABOUT_RETURN_TYPE = YES_ERROR;
				GCC_WARN_UNDECLARED_SELECTOR = YES;
				GCC_WARN_UNINITIALIZED_AUTOS = YES_AGGRESSIVE;
				GCC_WARN_UNUSED_FUNCTION = YES;
				GCC_WARN_UNUSED_VARIABLE = YES;
				IPHONEOS_DEPLOYMENT_TARGET = 16.4;
				MTL_ENABLE_DEBUG_INFO = NO;
				MTL_FAST_MATH = YES;
				SDKROOT = iphoneos;
				SWIFT_COMPILATION_MODE = wholemodule;
				SWIFT_OPTIMIZATION_LEVEL = "-O";
				VALIDATE_PRODUCT = YES;
			};
			name = Release;
		};
		85D1F32A2CDA214100C661F3 /* Debug */ = {
			isa = XCBuildConfiguration;
			buildSettings = {
				ASSETCATALOG_COMPILER_APPICON_NAME = AppIcon;
				ASSETCATALOG_COMPILER_GLOBAL_ACCENT_COLOR_NAME = AccentColor;
				CODE_SIGN_STYLE = Automatic;
				CURRENT_PROJECT_VERSION = 1;
				GENERATE_INFOPLIST_FILE = YES;
				INFOPLIST_FILE = vababushkinPW2/Info.plist;
				INFOPLIST_KEY_UIApplicationSupportsIndirectInputEvents = YES;
				INFOPLIST_KEY_UILaunchStoryboardName = LaunchScreen;
				INFOPLIST_KEY_UISupportedInterfaceOrientations_iPad = "UIInterfaceOrientationPortrait UIInterfaceOrientationPortraitUpsideDown UIInterfaceOrientationLandscapeLeft UIInterfaceOrientationLandscapeRight";
				INFOPLIST_KEY_UISupportedInterfaceOrientations_iPhone = "UIInterfaceOrientationPortrait UIInterfaceOrientationLandscapeLeft UIInterfaceOrientationLandscapeRight";
				IPHONEOS_DEPLOYMENT_TARGET = 13.0;
				LD_RUNPATH_SEARCH_PATHS = (
					"$(inherited)",
					"@executable_path/Frameworks",
				);
				MARKETING_VERSION = 1.0;
				PRODUCT_BUNDLE_IDENTIFIER = pw2.vababushkinPW2;
				PRODUCT_NAME = "$(TARGET_NAME)";
				SWIFT_EMIT_LOC_STRINGS = YES;
				SWIFT_VERSION = 5.0;
				TARGETED_DEVICE_FAMILY = "1,2";
			};
			name = Debug;
		};
		85D1F32B2CDA214100C661F3 /* Release */ = {
			isa = XCBuildConfiguration;
			buildSettings = {
				ASSETCATALOG_COMPILER_APPICON_NAME = AppIcon;
				ASSETCATALOG_COMPILER_GLOBAL_ACCENT_COLOR_NAME = AccentColor;
				CODE_SIGN_STYLE = Automatic;
				CURRENT_PROJECT_VERSION = 1;
				GENERATE_INFOPLIST_FILE = YES;
				INFOPLIST_FILE = vababushkinPW2/Info.plist;
				INFOPLIST_KEY_UIApplicationSupportsIndirectInputEvents = YES;
				INFOPLIST_KEY_UILaunchStoryboardName = LaunchScreen;
				INFOPLIST_KEY_UISupportedInterfaceOrientations_iPad = "UIInterfaceOrientationPortrait UIInterfaceOrientationPortraitUpsideDown UIInterfaceOrientationLandscapeLeft UIInterfaceOrientationLandscapeRight";
				INFOPLIST_KEY_UISupportedInterfaceOrientations_iPhone = "UIInterfaceOrientationPortrait UIInterfaceOrientationLandscapeLeft UIInterfaceOrientationLandscapeRight";
				IPHONEOS_DEPLOYMENT_TARGET = 13.0;
				LD_RUNPATH_SEARCH_PATHS = (
					"$(inherited)",
					"@executable_path/Frameworks",
				);
				MARKETING_VERSION = 1.0;
				PRODUCT_BUNDLE_IDENTIFIER = pw2.vababushkinPW2;
				PRODUCT_NAME = "$(TARGET_NAME)";
				SWIFT_EMIT_LOC_STRINGS = YES;
				SWIFT_VERSION = 5.0;
				TARGETED_DEVICE_FAMILY = "1,2";
			};
			name = Release;
		};
		85D1F32D2CDA214100C661F3 /* Debug */ = {
			isa = XCBuildConfiguration;
			buildSettings = {
				ALWAYS_EMBED_SWIFT_STANDARD_LIBRARIES = YES;
				BUNDLE_LOADER = "$(TEST_HOST)";
				CODE_SIGN_STYLE = Automatic;
				CURRENT_PROJECT_VERSION = 1;
				GENERATE_INFOPLIST_FILE = YES;
				IPHONEOS_DEPLOYMENT_TARGET = 16.4;
				MARKETING_VERSION = 1.0;
				PRODUCT_BUNDLE_IDENTIFIER = pw2.vababushkinPW2Tests;
				PRODUCT_NAME = "$(TARGET_NAME)";
				SWIFT_EMIT_LOC_STRINGS = NO;
				SWIFT_VERSION = 5.0;
				TARGETED_DEVICE_FAMILY = "1,2";
				TEST_HOST = "$(BUILT_PRODUCTS_DIR)/vababushkinPW2.app/$(BUNDLE_EXECUTABLE_FOLDER_PATH)/vababushkinPW2";
			};
			name = Debug;
		};
		85D1F32E2CDA214100C661F3 /* Release */ = {
			isa = XCBuildConfiguration;
			buildSettings = {
				ALWAYS_EMBED_SWIFT_STANDARD_LIBRARIES = YES;
				BUNDLE_LOADER = "$(TEST_HOST)";
				CODE_SIGN_STYLE = Automatic;
				CURRENT_PROJECT_VERSION = 1;
				GENERATE_INFOPLIST_FILE = YES;
				IPHONEOS_DEPLOYMENT_TARGET = 16.4;
				MARKETING_VERSION = 1.0;
				PRODUCT_BUNDLE_IDENTIFIER = pw2.vababushkinPW2Tests;
				PRODUCT_NAME = "$(TARGET_NAME)";
				SWIFT_EMIT_LOC_STRINGS = NO;
				SWIFT_VERSION = 5.0;
				TARGETED_DEVICE_FAMILY = "1,2";
				TEST_HOST = "$(BUILT_PRODUCTS_DIR)/vababushkinPW2.app/$(BUNDLE_EXECUTABLE_FOLDER_PATH)/vababushkinPW2";
			};
			name = Release;
		};
		85D1F3302CDA214100C661F3 /* Debug */ = {
			isa = XCBuildConfiguration;
			buildSettings = {
				ALWAYS_EMBED_SWIFT_STANDARD_LIBRARIES = YES;
				CODE_SIGN_STYLE = Automatic;
				CURRENT_PROJECT_VERSION = 1;
				GENERATE_INFOPLIST_FILE = YES;
				MARKETING_VERSION = 1.0;
				PRODUCT_BUNDLE_IDENTIFIER = pw2.vababushkinPW2UITests;
				PRODUCT_NAME = "$(TARGET_NAME)";
				SWIFT_EMIT_LOC_STRINGS = NO;
				SWIFT_VERSION = 5.0;
				TARGETED_DEVICE_FAMILY = "1,2";
				TEST_TARGET_NAME = vababushkinPW2;
			};
			name = Debug;
		};
		85D1F3312CDA214100C661F3 /* Release */ = {
			isa = XCBuildConfiguration;
			buildSettings = {
				ALWAYS_EMBED_SWIFT_STANDARD_LIBRARIES = YES;
				CODE_SIGN_STYLE = Automatic;
				CURRENT_PROJECT_VERSION = 1;
				GENERATE_INFOPLIST_FILE = YES;
				MARKETING_VERSION = 1.0;
				PRODUCT_BUNDLE_IDENTIFIER = pw2.vababushkinPW2UITests;
				PRODUCT_NAME = "$(TARGET_NAME)";
				SWIFT_EMIT_LOC_STRINGS = NO;
				SWIFT_VERSION = 5.0;
				TARGETED_DEVICE_FAMILY = "1,2";
				TEST_TARGET_NAME = vababushkinPW2;
			};
			name = Release;
		};
/* End XCBuildConfiguration section */

/* Begin XCConfigurationList section */
		85D1F2FA2CDA213F00C661F3 /* Build configuration list for PBXProject "vababushkinPW2" */ = {
			isa = XCConfigurationList;
			buildConfigurations = (
				85D1F3272CDA214100C661F3 /* Debug */,
				85D1F3282CDA214100C661F3 /* Release */,
			);
			defaultConfigurationIsVisible = 0;
			defaultConfigurationName = Release;
		};
		85D1F3292CDA214100C661F3 /* Build configuration list for PBXNativeTarget "vababushkinPW2" */ = {
			isa = XCConfigurationList;
			buildConfigurations = (
				85D1F32A2CDA214100C661F3 /* Debug */,
				85D1F32B2CDA214100C661F3 /* Release */,
			);
			defaultConfigurationIsVisible = 0;
			defaultConfigurationName = Release;
		};
		85D1F32C2CDA214100C661F3 /* Build configuration list for PBXNativeTarget "vababushkinPW2Tests" */ = {
			isa = XCConfigurationList;
			buildConfigurations = (
				85D1F32D2CDA214100C661F3 /* Debug */,
				85D1F32E2CDA214100C661F3 /* Release */,
			);
			defaultConfigurationIsVisible = 0;
			defaultConfigurationName = Release;
		};
		85D1F32F2CDA214100C661F3 /* Build configuration list for PBXNativeTarget "vababushkinPW2UITests" */ = {
			isa = XCConfigurationList;
			buildConfigurations = (
				85D1F3302CDA214100C661F3 /* Debug */,
				85D1F3312CDA214100C661F3 /* Release */,
			);
			defaultConfigurationIsVisible = 0;
			defaultConfigurationName = Release;
		};
/* End XCConfigurationList section */
	};
	rootObject = 85D1F2F72CDA213F00C661F3 /* Project object */;
}
