// !$*UTF8*$!
{
	archiveVersion = 1;
	classes = {
	};
	objectVersion = 56;
	objects = {

/* Begin PBXBuildFile section */
		85709C272CB58C3300D3A5FE /* AppDelegate.swift in Sources */ = {isa = PBXBuildFile; fileRef = 85709C262CB58C3300D3A5FE /* AppDelegate.swift */; };
		85709C292CB58C3300D3A5FE /* SceneDelegate.swift in Sources */ = {isa = PBXBuildFile; fileRef = 85709C282CB58C3300D3A5FE /* SceneDelegate.swift */; };
		85709C2B2CB58C3300D3A5FE /* ViewController.swift in Sources */ = {isa = PBXBuildFile; fileRef = 85709C2A2CB58C3300D3A5FE /* ViewController.swift */; };
		85709C2E2CB58C3300D3A5FE /* Main.storyboard in Resources */ = {isa = PBXBuildFile; fileRef = 85709C2C2CB58C3300D3A5FE /* Main.storyboard */; };
		85709C302CB58C3500D3A5FE /* Assets.xcassets in Resources */ = {isa = PBXBuildFile; fileRef = 85709C2F2CB58C3500D3A5FE /* Assets.xcassets */; };
		85709C332CB58C3500D3A5FE /* LaunchScreen.storyboard in Resources */ = {isa = PBXBuildFile; fileRef = 85709C312CB58C3500D3A5FE /* LaunchScreen.storyboard */; };
		85709C3E2CB58C3500D3A5FE /* seminar2Tests.swift in Sources */ = {isa = PBXBuildFile; fileRef = 85709C3D2CB58C3500D3A5FE /* seminar2Tests.swift */; };
		85709C482CB58C3500D3A5FE /* seminar2UITests.swift in Sources */ = {isa = PBXBuildFile; fileRef = 85709C472CB58C3500D3A5FE /* seminar2UITests.swift */; };
		85709C4A2CB58C3500D3A5FE /* seminar2UITestsLaunchTests.swift in Sources */ = {isa = PBXBuildFile; fileRef = 85709C492CB58C3500D3A5FE /* seminar2UITestsLaunchTests.swift */; };
		85709C572CB5996800D3A5FE /* UIView+Pin.swift in Sources */ = {isa = PBXBuildFile; fileRef = 85709C562CB5996800D3A5FE /* UIView+Pin.swift */; };
/* End PBXBuildFile section */

/* Begin PBXContainerItemProxy section */
		85709C3A2CB58C3500D3A5FE /* PBXContainerItemProxy */ = {
			isa = PBXContainerItemProxy;
			containerPortal = 85709C1B2CB58C3200D3A5FE /* Project object */;
			proxyType = 1;
			remoteGlobalIDString = 85709C222CB58C3200D3A5FE;
			remoteInfo = seminar2;
		};
		85709C442CB58C3500D3A5FE /* PBXContainerItemProxy */ = {
			isa = PBXContainerItemProxy;
			containerPortal = 85709C1B2CB58C3200D3A5FE /* Project object */;
			proxyType = 1;
			remoteGlobalIDString = 85709C222CB58C3200D3A5FE;
			remoteInfo = seminar2;
		};
/* End PBXContainerItemProxy section */

/* Begin PBXFileReference section */
		85709C232CB58C3300D3A5FE /* seminar2.app */ = {isa = PBXFileReference; explicitFileType = wrapper.application; includeInIndex = 0; path = seminar2.app; sourceTree = BUILT_PRODUCTS_DIR; };
		85709C262CB58C3300D3A5FE /* AppDelegate.swift */ = {isa = PBXFileReference; lastKnownFileType = sourcecode.swift; path = AppDelegate.swift; sourceTree = "<group>"; };
		85709C282CB58C3300D3A5FE /* SceneDelegate.swift */ = {isa = PBXFileReference; lastKnownFileType = sourcecode.swift; path = SceneDelegate.swift; sourceTree = "<group>"; };
		85709C2A2CB58C3300D3A5FE /* ViewController.swift */ = {isa = PBXFileReference; lastKnownFileType = sourcecode.swift; path = ViewController.swift; sourceTree = "<group>"; };
		85709C2D2CB58C3300D3A5FE /* Base */ = {isa = PBXFileReference; lastKnownFileType = file.storyboard; name = Base; path = Base.lproj/Main.storyboard; sourceTree = "<group>"; };
		85709C2F2CB58C3500D3A5FE /* Assets.xcassets */ = {isa = PBXFileReference; lastKnownFileType = folder.assetcatalog; path = Assets.xcassets; sourceTree = "<group>"; };
		85709C322CB58C3500D3A5FE /* Base */ = {isa = PBXFileReference; lastKnownFileType = file.storyboard; name = Base; path = Base.lproj/LaunchScreen.storyboard; sourceTree = "<group>"; };
		85709C342CB58C3500D3A5FE /* Info.plist */ = {isa = PBXFileReference; lastKnownFileType = text.plist.xml; path = Info.plist; sourceTree = "<group>"; };
		85709C392CB58C3500D3A5FE /* seminar2Tests.xctest */ = {isa = PBXFileReference; explicitFileType = wrapper.cfbundle; includeInIndex = 0; path = seminar2Tests.xctest; sourceTree = BUILT_PRODUCTS_DIR; };
		85709C3D2CB58C3500D3A5FE /* seminar2Tests.swift */ = {isa = PBXFileReference; lastKnownFileType = sourcecode.swift; path = seminar2Tests.swift; sourceTree = "<group>"; };
		85709C432CB58C3500D3A5FE /* seminar2UITests.xctest */ = {isa = PBXFileReference; explicitFileType = wrapper.cfbundle; includeInIndex = 0; path = seminar2UITests.xctest; sourceTree = BUILT_PRODUCTS_DIR; };
		85709C472CB58C3500D3A5FE /* seminar2UITests.swift */ = {isa = PBXFileReference; lastKnownFileType = sourcecode.swift; path = seminar2UITests.swift; sourceTree = "<group>"; };
		85709C492CB58C3500D3A5FE /* seminar2UITestsLaunchTests.swift */ = {isa = PBXFileReference; lastKnownFileType = sourcecode.swift; path = seminar2UITestsLaunchTests.swift; sourceTree = "<group>"; };
		85709C562CB5996800D3A5FE /* UIView+Pin.swift */ = {isa = PBXFileReference; lastKnownFileType = sourcecode.swift; path = "UIView+Pin.swift"; sourceTree = "<group>"; };
/* End PBXFileReference section */

/* Begin PBXFrameworksBuildPhase section */
		85709C202CB58C3200D3A5FE /* Frameworks */ = {
			isa = PBXFrameworksBuildPhase;
			buildActionMask = 2147483647;
			files = (
			);
			runOnlyForDeploymentPostprocessing = 0;
		};
		85709C362CB58C3500D3A5FE /* Frameworks */ = {
			isa = PBXFrameworksBuildPhase;
			buildActionMask = 2147483647;
			files = (
			);
			runOnlyForDeploymentPostprocessing = 0;
		};
		85709C402CB58C3500D3A5FE /* Frameworks */ = {
			isa = PBXFrameworksBuildPhase;
			buildActionMask = 2147483647;
			files = (
			);
			runOnlyForDeploymentPostprocessing = 0;
		};
/* End PBXFrameworksBuildPhase section */

/* Begin PBXGroup section */
		85709C1A2CB58C3200D3A5FE = {
			isa = PBXGroup;
			children = (
				85709C252CB58C3300D3A5FE /* seminar2 */,
				85709C3C2CB58C3500D3A5FE /* seminar2Tests */,
				85709C462CB58C3500D3A5FE /* seminar2UITests */,
				85709C242CB58C3300D3A5FE /* Products */,
			);
			sourceTree = "<group>";
		};
		85709C242CB58C3300D3A5FE /* Products */ = {
			isa = PBXGroup;
			children = (
				85709C232CB58C3300D3A5FE /* seminar2.app */,
				85709C392CB58C3500D3A5FE /* seminar2Tests.xctest */,
				85709C432CB58C3500D3A5FE /* seminar2UITests.xctest */,
			);
			name = Products;
			sourceTree = "<group>";
		};
		85709C252CB58C3300D3A5FE /* seminar2 */ = {
			isa = PBXGroup;
			children = (
				85709C262CB58C3300D3A5FE /* AppDelegate.swift */,
				85709C282CB58C3300D3A5FE /* SceneDelegate.swift */,
				85709C2A2CB58C3300D3A5FE /* ViewController.swift */,
				85709C562CB5996800D3A5FE /* UIView+Pin.swift */,
				85709C2C2CB58C3300D3A5FE /* Main.storyboard */,
				85709C2F2CB58C3500D3A5FE /* Assets.xcassets */,
				85709C312CB58C3500D3A5FE /* LaunchScreen.storyboard */,
				85709C342CB58C3500D3A5FE /* Info.plist */,
			);
			path = seminar2;
			sourceTree = "<group>";
		};
		85709C3C2CB58C3500D3A5FE /* seminar2Tests */ = {
			isa = PBXGroup;
			children = (
				85709C3D2CB58C3500D3A5FE /* seminar2Tests.swift */,
			);
			path = seminar2Tests;
			sourceTree = "<group>";
		};
		85709C462CB58C3500D3A5FE /* seminar2UITests */ = {
			isa = PBXGroup;
			children = (
				85709C472CB58C3500D3A5FE /* seminar2UITests.swift */,
				85709C492CB58C3500D3A5FE /* seminar2UITestsLaunchTests.swift */,
			);
			path = seminar2UITests;
			sourceTree = "<group>";
		};
/* End PBXGroup section */

/* Begin PBXNativeTarget section */
		85709C222CB58C3200D3A5FE /* seminar2 */ = {
			isa = PBXNativeTarget;
			buildConfigurationList = 85709C4D2CB58C3500D3A5FE /* Build configuration list for PBXNativeTarget "seminar2" */;
			buildPhases = (
				85709C1F2CB58C3200D3A5FE /* Sources */,
				85709C202CB58C3200D3A5FE /* Frameworks */,
				85709C212CB58C3200D3A5FE /* Resources */,
			);
			buildRules = (
			);
			dependencies = (
			);
			name = seminar2;
			productName = seminar2;
			productReference = 85709C232CB58C3300D3A5FE /* seminar2.app */;
			productType = "com.apple.product-type.application";
		};
		85709C382CB58C3500D3A5FE /* seminar2Tests */ = {
			isa = PBXNativeTarget;
			buildConfigurationList = 85709C502CB58C3500D3A5FE /* Build configuration list for PBXNativeTarget "seminar2Tests" */;
			buildPhases = (
				85709C352CB58C3500D3A5FE /* Sources */,
				85709C362CB58C3500D3A5FE /* Frameworks */,
				85709C372CB58C3500D3A5FE /* Resources */,
			);
			buildRules = (
			);
			dependencies = (
				85709C3B2CB58C3500D3A5FE /* PBXTargetDependency */,
			);
			name = seminar2Tests;
			productName = seminar2Tests;
			productReference = 85709C392CB58C3500D3A5FE /* seminar2Tests.xctest */;
			productType = "com.apple.product-type.bundle.unit-test";
		};
		85709C422CB58C3500D3A5FE /* seminar2UITests */ = {
			isa = PBXNativeTarget;
			buildConfigurationList = 85709C532CB58C3500D3A5FE /* Build configuration list for PBXNativeTarget "seminar2UITests" */;
			buildPhases = (
				85709C3F2CB58C3500D3A5FE /* Sources */,
				85709C402CB58C3500D3A5FE /* Frameworks */,
				85709C412CB58C3500D3A5FE /* Resources */,
			);
			buildRules = (
			);
			dependencies = (
				85709C452CB58C3500D3A5FE /* PBXTargetDependency */,
			);
			name = seminar2UITests;
			productName = seminar2UITests;
			productReference = 85709C432CB58C3500D3A5FE /* seminar2UITests.xctest */;
			productType = "com.apple.product-type.bundle.ui-testing";
		};
/* End PBXNativeTarget section */

/* Begin PBXProject section */
		85709C1B2CB58C3200D3A5FE /* Project object */ = {
			isa = PBXProject;
			attributes = {
				BuildIndependentTargetsInParallel = 1;
				LastSwiftUpdateCheck = 1430;
				LastUpgradeCheck = 1430;
				TargetAttributes = {
					85709C222CB58C3200D3A5FE = {
						CreatedOnToolsVersion = 14.3.1;
					};
					85709C382CB58C3500D3A5FE = {
						CreatedOnToolsVersion = 14.3.1;
						TestTargetID = 85709C222CB58C3200D3A5FE;
					};
					85709C422CB58C3500D3A5FE = {
						CreatedOnToolsVersion = 14.3.1;
						TestTargetID = 85709C222CB58C3200D3A5FE;
					};
				};
			};
			buildConfigurationList = 85709C1E2CB58C3200D3A5FE /* Build configuration list for PBXProject "seminar2" */;
			compatibilityVersion = "Xcode 14.0";
			developmentRegion = en;
			hasScannedForEncodings = 0;
			knownRegions = (
				en,
				Base,
			);
			mainGroup = 85709C1A2CB58C3200D3A5FE;
			productRefGroup = 85709C242CB58C3300D3A5FE /* Products */;
			projectDirPath = "";
			projectRoot = "";
			targets = (
				85709C222CB58C3200D3A5FE /* seminar2 */,
				85709C382CB58C3500D3A5FE /* seminar2Tests */,
				85709C422CB58C3500D3A5FE /* seminar2UITests */,
			);
		};
/* End PBXProject section */

/* Begin PBXResourcesBuildPhase section */
		85709C212CB58C3200D3A5FE /* Resources */ = {
			isa = PBXResourcesBuildPhase;
			buildActionMask = 2147483647;
			files = (
				85709C332CB58C3500D3A5FE /* LaunchScreen.storyboard in Resources */,
				85709C302CB58C3500D3A5FE /* Assets.xcassets in Resources */,
				85709C2E2CB58C3300D3A5FE /* Main.storyboard in Resources */,
			);
			runOnlyForDeploymentPostprocessing = 0;
		};
		85709C372CB58C3500D3A5FE /* Resources */ = {
			isa = PBXResourcesBuildPhase;
			buildActionMask = 2147483647;
			files = (
			);
			runOnlyForDeploymentPostprocessing = 0;
		};
		85709C412CB58C3500D3A5FE /* Resources */ = {
			isa = PBXResourcesBuildPhase;
			buildActionMask = 2147483647;
			files = (
			);
			runOnlyForDeploymentPostprocessing = 0;
		};
/* End PBXResourcesBuildPhase section */

/* Begin PBXSourcesBuildPhase section */
		85709C1F2CB58C3200D3A5FE /* Sources */ = {
			isa = PBXSourcesBuildPhase;
			buildActionMask = 2147483647;
			files = (
				85709C2B2CB58C3300D3A5FE /* ViewController.swift in Sources */,
				85709C272CB58C3300D3A5FE /* AppDelegate.swift in Sources */,
				85709C572CB5996800D3A5FE /* UIView+Pin.swift in Sources */,
				85709C292CB58C3300D3A5FE /* SceneDelegate.swift in Sources */,
			);
			runOnlyForDeploymentPostprocessing = 0;
		};
		85709C352CB58C3500D3A5FE /* Sources */ = {
			isa = PBXSourcesBuildPhase;
			buildActionMask = 2147483647;
			files = (
				85709C3E2CB58C3500D3A5FE /* seminar2Tests.swift in Sources */,
			);
			runOnlyForDeploymentPostprocessing = 0;
		};
		85709C3F2CB58C3500D3A5FE /* Sources */ = {
			isa = PBXSourcesBuildPhase;
			buildActionMask = 2147483647;
			files = (
				85709C4A2CB58C3500D3A5FE /* seminar2UITestsLaunchTests.swift in Sources */,
				85709C482CB58C3500D3A5FE /* seminar2UITests.swift in Sources */,
			);
			runOnlyForDeploymentPostprocessing = 0;
		};
/* End PBXSourcesBuildPhase section */

/* Begin PBXTargetDependency section */
		85709C3B2CB58C3500D3A5FE /* PBXTargetDependency */ = {
			isa = PBXTargetDependency;
			target = 85709C222CB58C3200D3A5FE /* seminar2 */;
			targetProxy = 85709C3A2CB58C3500D3A5FE /* PBXContainerItemProxy */;
		};
		85709C452CB58C3500D3A5FE /* PBXTargetDependency */ = {
			isa = PBXTargetDependency;
			target = 85709C222CB58C3200D3A5FE /* seminar2 */;
			targetProxy = 85709C442CB58C3500D3A5FE /* PBXContainerItemProxy */;
		};
/* End PBXTargetDependency section */

/* Begin PBXVariantGroup section */
		85709C2C2CB58C3300D3A5FE /* Main.storyboard */ = {
			isa = PBXVariantGroup;
			children = (
				85709C2D2CB58C3300D3A5FE /* Base */,
			);
			name = Main.storyboard;
			sourceTree = "<group>";
		};
		85709C312CB58C3500D3A5FE /* LaunchScreen.storyboard */ = {
			isa = PBXVariantGroup;
			children = (
				85709C322CB58C3500D3A5FE /* Base */,
			);
			name = LaunchScreen.storyboard;
			sourceTree = "<group>";
		};
/* End PBXVariantGroup section */

/* Begin XCBuildConfiguration section */
		85709C4B2CB58C3500D3A5FE /* Debug */ = {
			isa = XCBuildConfiguration;
			buildSettings = {
				ALWAYS_SEARCH_USER_PATHS = NO;
				CLANG_ANALYZER_NONNULL = YES;
				CLANG_ANALYZER_NUMBER_OBJECT_CONVERSION = YES_AGGRESSIVE;
				CLANG_CXX_LANGUAGE_STANDARD = "gnu++20";
				CLANG_ENABLE_MODULES = YES;
				CLANG_ENABLE_OBJC_ARC = YES;
				CLANG_ENABLE_OBJC_WEAK = YES;
				CLANG_WARN_BLOCK_CAPTURE_AUTORELEASING = YES;
				CLANG_WARN_BOOL_CONVERSION = YES;
				CLANG_WARN_COMMA = YES;
				CLANG_WARN_CONSTANT_CONVERSION = YES;
				CLANG_WARN_DEPRECATED_OBJC_IMPLEMENTATIONS = YES;
				CLANG_WARN_DIRECT_OBJC_ISA_USAGE = YES_ERROR;
				CLANG_WARN_DOCUMENTATION_COMMENTS = YES;
				CLANG_WARN_EMPTY_BODY = YES;
				CLANG_WARN_ENUM_CONVERSION = YES;
				CLANG_WARN_INFINITE_RECURSION = YES;
				CLANG_WARN_INT_CONVERSION = YES;
				CLANG_WARN_NON_LITERAL_NULL_CONVERSION = YES;
				CLANG_WARN_OBJC_IMPLICIT_RETAIN_SELF = YES;
				CLANG_WARN_OBJC_LITERAL_CONVERSION = YES;
				CLANG_WARN_OBJC_ROOT_CLASS = YES_ERROR;
				CLANG_WARN_QUOTED_INCLUDE_IN_FRAMEWORK_HEADER = YES;
				CLANG_WARN_RANGE_LOOP_ANALYSIS = YES;
				CLANG_WARN_STRICT_PROTOTYPES = YES;
				CLANG_WARN_SUSPICIOUS_MOVE = YES;
				CLANG_WARN_UNGUARDED_AVAILABILITY = YES_AGGRESSIVE;
				CLANG_WARN_UNREACHABLE_CODE = YES;
				CLANG_WARN__DUPLICATE_METHOD_MATCH = YES;
				COPY_PHASE_STRIP = NO;
				DEBUG_INFORMATION_FORMAT = dwarf;
				ENABLE_STRICT_OBJC_MSGSEND = YES;
				ENABLE_TESTABILITY = YES;
				GCC_C_LANGUAGE_STANDARD = gnu11;
				GCC_DYNAMIC_NO_PIC = NO;
				GCC_NO_COMMON_BLOCKS = YES;
				GCC_OPTIMIZATION_LEVEL = 0;
				GCC_PREPROCESSOR_DEFINITIONS = (
					"DEBUG=1",
					"$(inherited)",
				);
				GCC_WARN_64_TO_32_BIT_CONVERSION = YES;
				GCC_WARN_ABOUT_RETURN_TYPE = YES_ERROR;
				GCC_WARN_UNDECLARED_SELECTOR = YES;
				GCC_WARN_UNINITIALIZED_AUTOS = YES_AGGRESSIVE;
				GCC_WARN_UNUSED_FUNCTION = YES;
				GCC_WARN_UNUSED_VARIABLE = YES;
				IPHONEOS_DEPLOYMENT_TARGET = 16.4;
				MTL_ENABLE_DEBUG_INFO = INCLUDE_SOURCE;
				MTL_FAST_MATH = YES;
				ONLY_ACTIVE_ARCH = YES;
				SDKROOT = iphoneos;
				SWIFT_ACTIVE_COMPILATION_CONDITIONS = DEBUG;
				SWIFT_OPTIMIZATION_LEVEL = "-Onone";
			};
			name = Debug;
		};
		85709C4C2CB58C3500D3A5FE /* Release */ = {
			isa = XCBuildConfiguration;
			buildSettings = {
				ALWAYS_SEARCH_USER_PATHS = NO;
				CLANG_ANALYZER_NONNULL = YES;
				CLANG_ANALYZER_NUMBER_OBJECT_CONVERSION = YES_AGGRESSIVE;
				CLANG_CXX_LANGUAGE_STANDARD = "gnu++20";
				CLANG_ENABLE_MODULES = YES;
				CLANG_ENABLE_OBJC_ARC = YES;
				CLANG_ENABLE_OBJC_WEAK = YES;
				CLANG_WARN_BLOCK_CAPTURE_AUTORELEASING = YES;
				CLANG_WARN_BOOL_CONVERSION = YES;
				CLANG_WARN_COMMA = YES;
				CLANG_WARN_CONSTANT_CONVERSION = YES;
				CLANG_WARN_DEPRECATED_OBJC_IMPLEMENTATIONS = YES;
				CLANG_WARN_DIRECT_OBJC_ISA_USAGE = YES_ERROR;
				CLANG_WARN_DOCUMENTATION_COMMENTS = YES;
				CLANG_WARN_EMPTY_BODY = YES;
				CLANG_WARN_ENUM_CONVERSION = YES;
				CLANG_WARN_INFINITE_RECURSION = YES;
				CLANG_WARN_INT_CONVERSION = YES;
				CLANG_WARN_NON_LITERAL_NULL_CONVERSION = YES;
				CLANG_WARN_OBJC_IMPLICIT_RETAIN_SELF = YES;
				CLANG_WARN_OBJC_LITERAL_CONVERSION = YES;
				CLANG_WARN_OBJC_ROOT_CLASS = YES_ERROR;
				CLANG_WARN_QUOTED_INCLUDE_IN_FRAMEWORK_HEADER = YES;
				CLANG_WARN_RANGE_LOOP_ANALYSIS = YES;
				CLANG_WARN_STRICT_PROTOTYPES = YES;
				CLANG_WARN_SUSPICIOUS_MOVE = YES;
				CLANG_WARN_UNGUARDED_AVAILABILITY = YES_AGGRESSIVE;
				CLANG_WARN_UNREACHABLE_CODE = YES;
				CLANG_WARN__DUPLICATE_METHOD_MATCH = YES;
				COPY_PHASE_STRIP = NO;
				DEBUG_INFORMATION_FORMAT = "dwarf-with-dsym";
				ENABLE_NS_ASSERTIONS = NO;
				ENABLE_STRICT_OBJC_MSGSEND = YES;
				GCC_C_LANGUAGE_STANDARD = gnu11;
				GCC_NO_COMMON_BLOCKS = YES;
				GCC_WARN_64_TO_32_BIT_CONVERSION = YES;
				GCC_WARN_ABOUT_RETURN_TYPE = YES_ERROR;
				GCC_WARN_UNDECLARED_SELECTOR = YES;
				GCC_WARN_UNINITIALIZED_AUTOS = YES_AGGRESSIVE;
				GCC_WARN_UNUSED_FUNCTION = YES;
				GCC_WARN_UNUSED_VARIABLE = YES;
				IPHONEOS_DEPLOYMENT_TARGET = 16.4;
				MTL_ENABLE_DEBUG_INFO = NO;
				MTL_FAST_MATH = YES;
				SDKROOT = iphoneos;
				SWIFT_COMPILATION_MODE = wholemodule;
				SWIFT_OPTIMIZATION_LEVEL = "-O";
				VALIDATE_PRODUCT = YES;
			};
			name = Release;
		};
		85709C4E2CB58C3500D3A5FE /* Debug */ = {
			isa = XCBuildConfiguration;
			buildSettings = {
				ASSETCATALOG_COMPILER_APPICON_NAME = AppIcon;
				ASSETCATALOG_COMPILER_GLOBAL_ACCENT_COLOR_NAME = AccentColor;
				CODE_SIGN_STYLE = Automatic;
				CURRENT_PROJECT_VERSION = 1;
				GENERATE_INFOPLIST_FILE = YES;
				INFOPLIST_FILE = seminar2/Info.plist;
				INFOPLIST_KEY_UIApplicationSupportsIndirectInputEvents = YES;
				INFOPLIST_KEY_UILaunchStoryboardName = LaunchScreen;
				INFOPLIST_KEY_UIMainStoryboardFile = Main;
				INFOPLIST_KEY_UISupportedInterfaceOrientations_iPad = "UIInterfaceOrientationPortrait UIInterfaceOrientationPortraitUpsideDown UIInterfaceOrientationLandscapeLeft UIInterfaceOrientationLandscapeRight";
				INFOPLIST_KEY_UISupportedInterfaceOrientations_iPhone = "UIInterfaceOrientationPortrait UIInterfaceOrientationLandscapeLeft UIInterfaceOrientationLandscapeRight";
				LD_RUNPATH_SEARCH_PATHS = (
					"$(inherited)",
					"@executable_path/Frameworks",
				);
				MARKETING_VERSION = 1.0;
				PRODUCT_BUNDLE_IDENTIFIER = TEST.seminar2;
				PRODUCT_NAME = "$(TARGET_NAME)";
				SWIFT_EMIT_LOC_STRINGS = YES;
				SWIFT_VERSION = 5.0;
				TARGETED_DEVICE_FAMILY = "1,2";
			};
			name = Debug;
		};
		85709C4F2CB58C3500D3A5FE /* Release */ = {
			isa = XCBuildConfiguration;
			buildSettings = {
				ASSETCATALOG_COMPILER_APPICON_NAME = AppIcon;
				ASSETCATALOG_COMPILER_GLOBAL_ACCENT_COLOR_NAME = AccentColor;
				CODE_SIGN_STYLE = Automatic;
				CURRENT_PROJECT_VERSION = 1;
				GENERATE_INFOPLIST_FILE = YES;
				INFOPLIST_FILE = seminar2/Info.plist;
				INFOPLIST_KEY_UIApplicationSupportsIndirectInputEvents = YES;
				INFOPLIST_KEY_UILaunchStoryboardName = LaunchScreen;
				INFOPLIST_KEY_UIMainStoryboardFile = Main;
				INFOPLIST_KEY_UISupportedInterfaceOrientations_iPad = "UIInterfaceOrientationPortrait UIInterfaceOrientationPortraitUpsideDown UIInterfaceOrientationLandscapeLeft UIInterfaceOrientationLandscapeRight";
				INFOPLIST_KEY_UISupportedInterfaceOrientations_iPhone = "UIInterfaceOrientationPortrait UIInterfaceOrientationLandscapeLeft UIInterfaceOrientationLandscapeRight";
				LD_RUNPATH_SEARCH_PATHS = (
					"$(inherited)",
					"@executable_path/Frameworks",
				);
				MARKETING_VERSION = 1.0;
				PRODUCT_BUNDLE_IDENTIFIER = TEST.seminar2;
				PRODUCT_NAME = "$(TARGET_NAME)";
				SWIFT_EMIT_LOC_STRINGS = YES;
				SWIFT_VERSION = 5.0;
				TARGETED_DEVICE_FAMILY = "1,2";
			};
			name = Release;
		};
		85709C512CB58C3500D3A5FE /* Debug */ = {
			isa = XCBuildConfiguration;
			buildSettings = {
				ALWAYS_EMBED_SWIFT_STANDARD_LIBRARIES = YES;
				BUNDLE_LOADER = "$(TEST_HOST)";
				CODE_SIGN_STYLE = Automatic;
				CURRENT_PROJECT_VERSION = 1;
				GENERATE_INFOPLIST_FILE = YES;
				IPHONEOS_DEPLOYMENT_TARGET = 16.4;
				MARKETING_VERSION = 1.0;
				PRODUCT_BUNDLE_IDENTIFIER = TEST.seminar2Tests;
				PRODUCT_NAME = "$(TARGET_NAME)";
				SWIFT_EMIT_LOC_STRINGS = NO;
				SWIFT_VERSION = 5.0;
				TARGETED_DEVICE_FAMILY = "1,2";
				TEST_HOST = "$(BUILT_PRODUCTS_DIR)/seminar2.app/$(BUNDLE_EXECUTABLE_FOLDER_PATH)/seminar2";
			};
			name = Debug;
		};
		85709C522CB58C3500D3A5FE /* Release */ = {
			isa = XCBuildConfiguration;
			buildSettings = {
				ALWAYS_EMBED_SWIFT_STANDARD_LIBRARIES = YES;
				BUNDLE_LOADER = "$(TEST_HOST)";
				CODE_SIGN_STYLE = Automatic;
				CURRENT_PROJECT_VERSION = 1;
				GENERATE_INFOPLIST_FILE = YES;
				IPHONEOS_DEPLOYMENT_TARGET = 16.4;
				MARKETING_VERSION = 1.0;
				PRODUCT_BUNDLE_IDENTIFIER = TEST.seminar2Tests;
				PRODUCT_NAME = "$(TARGET_NAME)";
				SWIFT_EMIT_LOC_STRINGS = NO;
				SWIFT_VERSION = 5.0;
				TARGETED_DEVICE_FAMILY = "1,2";
				TEST_HOST = "$(BUILT_PRODUCTS_DIR)/seminar2.app/$(BUNDLE_EXECUTABLE_FOLDER_PATH)/seminar2";
			};
			name = Release;
		};
		85709C542CB58C3500D3A5FE /* Debug */ = {
			isa = XCBuildConfiguration;
			buildSettings = {
				ALWAYS_EMBED_SWIFT_STANDARD_LIBRARIES = YES;
				CODE_SIGN_STYLE = Automatic;
				CURRENT_PROJECT_VERSION = 1;
				GENERATE_INFOPLIST_FILE = YES;
				MARKETING_VERSION = 1.0;
				PRODUCT_BUNDLE_IDENTIFIER = TEST.seminar2UITests;
				PRODUCT_NAME = "$(TARGET_NAME)";
				SWIFT_EMIT_LOC_STRINGS = NO;
				SWIFT_VERSION = 5.0;
				TARGETED_DEVICE_FAMILY = "1,2";
				TEST_TARGET_NAME = seminar2;
			};
			name = Debug;
		};
		85709C552CB58C3500D3A5FE /* Release */ = {
			isa = XCBuildConfiguration;
			buildSettings = {
				ALWAYS_EMBED_SWIFT_STANDARD_LIBRARIES = YES;
				CODE_SIGN_STYLE = Automatic;
				CURRENT_PROJECT_VERSION = 1;
				GENERATE_INFOPLIST_FILE = YES;
				MARKETING_VERSION = 1.0;
				PRODUCT_BUNDLE_IDENTIFIER = TEST.seminar2UITests;
				PRODUCT_NAME = "$(TARGET_NAME)";
				SWIFT_EMIT_LOC_STRINGS = NO;
				SWIFT_VERSION = 5.0;
				TARGETED_DEVICE_FAMILY = "1,2";
				TEST_TARGET_NAME = seminar2;
			};
			name = Release;
		};
/* End XCBuildConfiguration section */

/* Begin XCConfigurationList section */
		85709C1E2CB58C3200D3A5FE /* Build configuration list for PBXProject "seminar2" */ = {
			isa = XCConfigurationList;
			buildConfigurations = (
				85709C4B2CB58C3500D3A5FE /* Debug */,
				85709C4C2CB58C3500D3A5FE /* Release */,
			);
			defaultConfigurationIsVisible = 0;
			defaultConfigurationName = Release;
		};
		85709C4D2CB58C3500D3A5FE /* Build configuration list for PBXNativeTarget "seminar2" */ = {
			isa = XCConfigurationList;
			buildConfigurations = (
				85709C4E2CB58C3500D3A5FE /* Debug */,
				85709C4F2CB58C3500D3A5FE /* Release */,
			);
			defaultConfigurationIsVisible = 0;
			defaultConfigurationName = Release;
		};
		85709C502CB58C3500D3A5FE /* Build configuration list for PBXNativeTarget "seminar2Tests" */ = {
			isa = XCConfigurationList;
			buildConfigurations = (
				85709C512CB58C3500D3A5FE /* Debug */,
				85709C522CB58C3500D3A5FE /* Release */,
			);
			defaultConfigurationIsVisible = 0;
			defaultConfigurationName = Release;
		};
		85709C532CB58C3500D3A5FE /* Build configuration list for PBXNativeTarget "seminar2UITests" */ = {
			isa = XCConfigurationList;
			buildConfigurations = (
				85709C542CB58C3500D3A5FE /* Debug */,
				85709C552CB58C3500D3A5FE /* Release */,
			);
			defaultConfigurationIsVisible = 0;
			defaultConfigurationName = Release;
		};
/* End XCConfigurationList section */
	};
	rootObject = 85709C1B2CB58C3200D3A5FE /* Project object */;
}
