// !$*UTF8*$!
{
	archiveVersion = 1;
	classes = {
	};
	objectVersion = 56;
	objects = {

/* Begin PBXBuildFile section */
		858EEAD32CBD8D9F007ADF60 /* AppDelegate.swift in Sources */ = {isa = PBXBuildFile; fileRef = 858EEAD22CBD8D9F007ADF60 /* AppDelegate.swift */; };
		858EEAD52CBD8D9F007ADF60 /* SceneDelegate.swift in Sources */ = {isa = PBXBuildFile; fileRef = 858EEAD42CBD8D9F007ADF60 /* SceneDelegate.swift */; };
		858EEAD72CBD8D9F007ADF60 /* ViewController.swift in Sources */ = {isa = PBXBuildFile; fileRef = 858EEAD62CBD8D9F007ADF60 /* ViewController.swift */; };
		858EEADA2CBD8D9F007ADF60 /* Main.storyboard in Resources */ = {isa = PBXBuildFile; fileRef = 858EEAD82CBD8D9F007ADF60 /* Main.storyboard */; };
		858EEADC2CBD8DA1007ADF60 /* Assets.xcassets in Resources */ = {isa = PBXBuildFile; fileRef = 858EEADB2CBD8DA1007ADF60 /* Assets.xcassets */; };
		858EEADF2CBD8DA1007ADF60 /* LaunchScreen.storyboard in Resources */ = {isa = PBXBuildFile; fileRef = 858EEADD2CBD8DA1007ADF60 /* LaunchScreen.storyboard */; };
		858EEAEA2CBD8DA2007ADF60 /* vababushkinPW1Tests.swift in Sources */ = {isa = PBXBuildFile; fileRef = 858EEAE92CBD8DA2007ADF60 /* vababushkinPW1Tests.swift */; };
		858EEAF42CBD8DA2007ADF60 /* vababushkinPW1UITests.swift in Sources */ = {isa = PBXBuildFile; fileRef = 858EEAF32CBD8DA2007ADF60 /* vababushkinPW1UITests.swift */; };
		858EEAF62CBD8DA2007ADF60 /* vababushkinPW1UITestsLaunchTests.swift in Sources */ = {isa = PBXBuildFile; fileRef = 858EEAF52CBD8DA2007ADF60 /* vababushkinPW1UITestsLaunchTests.swift */; };
		85DB9FE42CBDE69900DB1D9A /* ChangeView.swift in Sources */ = {isa = PBXBuildFile; fileRef = 85DB9FE32CBDE69900DB1D9A /* ChangeView.swift */; };
		85DB9FE62CBDE72B00DB1D9A /* UIColorExtension.swift in Sources */ = {isa = PBXBuildFile; fileRef = 85DB9FE52CBDE72B00DB1D9A /* UIColorExtension.swift */; };
/* End PBXBuildFile section */

/* Begin PBXContainerItemProxy section */
		858EEAE62CBD8DA2007ADF60 /* PBXContainerItemProxy */ = {
			isa = PBXContainerItemProxy;
			containerPortal = 858EEAC72CBD8D9F007ADF60 /* Project object */;
			proxyType = 1;
			remoteGlobalIDString = 858EEACE2CBD8D9F007ADF60;
			remoteInfo = vababushkinPW1;
		};
		858EEAF02CBD8DA2007ADF60 /* PBXContainerItemProxy */ = {
			isa = PBXContainerItemProxy;
			containerPortal = 858EEAC72CBD8D9F007ADF60 /* Project object */;
			proxyType = 1;
			remoteGlobalIDString = 858EEACE2CBD8D9F007ADF60;
			remoteInfo = vababushkinPW1;
		};
/* End PBXContainerItemProxy section */

/* Begin PBXFileReference section */
		858EEACF2CBD8D9F007ADF60 /* vababushkinPW1.app */ = {isa = PBXFileReference; explicitFileType = wrapper.application; includeInIndex = 0; path = vababushkinPW1.app; sourceTree = BUILT_PRODUCTS_DIR; };
		858EEAD22CBD8D9F007ADF60 /* AppDelegate.swift */ = {isa = PBXFileReference; lastKnownFileType = sourcecode.swift; path = AppDelegate.swift; sourceTree = "<group>"; };
		858EEAD42CBD8D9F007ADF60 /* SceneDelegate.swift */ = {isa = PBXFileReference; lastKnownFileType = sourcecode.swift; path = SceneDelegate.swift; sourceTree = "<group>"; };
		858EEAD62CBD8D9F007ADF60 /* ViewController.swift */ = {isa = PBXFileReference; lastKnownFileType = sourcecode.swift; path = ViewController.swift; sourceTree = "<group>"; };
		858EEAD92CBD8D9F007ADF60 /* Base */ = {isa = PBXFileReference; lastKnownFileType = file.storyboard; name = Base; path = Base.lproj/Main.storyboard; sourceTree = "<group>"; };
		858EEADB2CBD8DA1007ADF60 /* Assets.xcassets */ = {isa = PBXFileReference; lastKnownFileType = folder.assetcatalog; path = Assets.xcassets; sourceTree = "<group>"; };
		858EEADE2CBD8DA1007ADF60 /* Base */ = {isa = PBXFileReference; lastKnownFileType = file.storyboard; name = Base; path = Base.lproj/LaunchScreen.storyboard; sourceTree = "<group>"; };
		858EEAE02CBD8DA1007ADF60 /* Info.plist */ = {isa = PBXFileReference; lastKnownFileType = text.plist.xml; path = Info.plist; sourceTree = "<group>"; };
		858EEAE52CBD8DA2007ADF60 /* vababushkinPW1Tests.xctest */ = {isa = PBXFileReference; explicitFileType = wrapper.cfbundle; includeInIndex = 0; path = vababushkinPW1Tests.xctest; sourceTree = BUILT_PRODUCTS_DIR; };
		858EEAE92CBD8DA2007ADF60 /* vababushkinPW1Tests.swift */ = {isa = PBXFileReference; lastKnownFileType = sourcecode.swift; path = vababushkinPW1Tests.swift; sourceTree = "<group>"; };
		858EEAEF2CBD8DA2007ADF60 /* vababushkinPW1UITests.xctest */ = {isa = PBXFileReference; explicitFileType = wrapper.cfbundle; includeInIndex = 0; path = vababushkinPW1UITests.xctest; sourceTree = BUILT_PRODUCTS_DIR; };
		858EEAF32CBD8DA2007ADF60 /* vababushkinPW1UITests.swift */ = {isa = PBXFileReference; lastKnownFileType = sourcecode.swift; path = vababushkinPW1UITests.swift; sourceTree = "<group>"; };
		858EEAF52CBD8DA2007ADF60 /* vababushkinPW1UITestsLaunchTests.swift */ = {isa = PBXFileReference; lastKnownFileType = sourcecode.swift; path = vababushkinPW1UITestsLaunchTests.swift; sourceTree = "<group>"; };
		85DB9FE32CBDE69900DB1D9A /* ChangeView.swift */ = {isa = PBXFileReference; lastKnownFileType = sourcecode.swift; path = ChangeView.swift; sourceTree = "<group>"; };
		85DB9FE52CBDE72B00DB1D9A /* UIColorExtension.swift */ = {isa = PBXFileReference; lastKnownFileType = sourcecode.swift; path = UIColorExtension.swift; sourceTree = "<group>"; };
/* End PBXFileReference section */

/* Begin PBXFrameworksBuildPhase section */
		858EEACC2CBD8D9F007ADF60 /* Frameworks */ = {
			isa = PBXFrameworksBuildPhase;
			buildActionMask = 2147483647;
			files = (
			);
			runOnlyForDeploymentPostprocessing = 0;
		};
		858EEAE22CBD8DA2007ADF60 /* Frameworks */ = {
			isa = PBXFrameworksBuildPhase;
			buildActionMask = 2147483647;
			files = (
			);
			runOnlyForDeploymentPostprocessing = 0;
		};
		858EEAEC2CBD8DA2007ADF60 /* Frameworks */ = {
			isa = PBXFrameworksBuildPhase;
			buildActionMask = 2147483647;
			files = (
			);
			runOnlyForDeploymentPostprocessing = 0;
		};
/* End PBXFrameworksBuildPhase section */

/* Begin PBXGroup section */
		858EEAC62CBD8D9F007ADF60 = {
			isa = PBXGroup;
			children = (
				858EEAD12CBD8D9F007ADF60 /* vababushkinPW1 */,
				858EEAE82CBD8DA2007ADF60 /* vababushkinPW1Tests */,
				858EEAF22CBD8DA2007ADF60 /* vababushkinPW1UITests */,
				858EEAD02CBD8D9F007ADF60 /* Products */,
			);
			sourceTree = "<group>";
		};
		858EEAD02CBD8D9F007ADF60 /* Products */ = {
			isa = PBXGroup;
			children = (
				858EEACF2CBD8D9F007ADF60 /* vababushkinPW1.app */,
				858EEAE52CBD8DA2007ADF60 /* vababushkinPW1Tests.xctest */,
				858EEAEF2CBD8DA2007ADF60 /* vababushkinPW1UITests.xctest */,
			);
			name = Products;
			sourceTree = "<group>";
		};
		858EEAD12CBD8D9F007ADF60 /* vababushkinPW1 */ = {
			isa = PBXGroup;
			children = (
				858EEAD22CBD8D9F007ADF60 /* AppDelegate.swift */,
				858EEAD42CBD8D9F007ADF60 /* SceneDelegate.swift */,
				858EEAD62CBD8D9F007ADF60 /* ViewController.swift */,
				858EEAD82CBD8D9F007ADF60 /* Main.storyboard */,
				858EEADB2CBD8DA1007ADF60 /* Assets.xcassets */,
				858EEADD2CBD8DA1007ADF60 /* LaunchScreen.storyboard */,
				858EEAE02CBD8DA1007ADF60 /* Info.plist */,
				85DB9FE32CBDE69900DB1D9A /* ChangeView.swift */,
				85DB9FE52CBDE72B00DB1D9A /* UIColorExtension.swift */,
			);
			path = vababushkinPW1;
			sourceTree = "<group>";
		};
		858EEAE82CBD8DA2007ADF60 /* vababushkinPW1Tests */ = {
			isa = PBXGroup;
			children = (
				858EEAE92CBD8DA2007ADF60 /* vababushkinPW1Tests.swift */,
			);
			path = vababushkinPW1Tests;
			sourceTree = "<group>";
		};
		858EEAF22CBD8DA2007ADF60 /* vababushkinPW1UITests */ = {
			isa = PBXGroup;
			children = (
				858EEAF32CBD8DA2007ADF60 /* vababushkinPW1UITests.swift */,
				858EEAF52CBD8DA2007ADF60 /* vababushkinPW1UITestsLaunchTests.swift */,
			);
			path = vababushkinPW1UITests;
			sourceTree = "<group>";
		};
/* End PBXGroup section */

/* Begin PBXNativeTarget section */
		858EEACE2CBD8D9F007ADF60 /* vababushkinPW1 */ = {
			isa = PBXNativeTarget;
			buildConfigurationList = 858EEAF92CBD8DA2007ADF60 /* Build configuration list for PBXNativeTarget "vababushkinPW1" */;
			buildPhases = (
				858EEACB2CBD8D9F007ADF60 /* Sources */,
				858EEACC2CBD8D9F007ADF60 /* Frameworks */,
				858EEACD2CBD8D9F007ADF60 /* Resources */,
			);
			buildRules = (
			);
			dependencies = (
			);
			name = vababushkinPW1;
			productName = vababushkinPW1;
			productReference = 858EEACF2CBD8D9F007ADF60 /* vababushkinPW1.app */;
			productType = "com.apple.product-type.application";
		};
		858EEAE42CBD8DA2007ADF60 /* vababushkinPW1Tests */ = {
			isa = PBXNativeTarget;
			buildConfigurationList = 858EEAFC2CBD8DA2007ADF60 /* Build configuration list for PBXNativeTarget "vababushkinPW1Tests" */;
			buildPhases = (
				858EEAE12CBD8DA2007ADF60 /* Sources */,
				858EEAE22CBD8DA2007ADF60 /* Frameworks */,
				858EEAE32CBD8DA2007ADF60 /* Resources */,
			);
			buildRules = (
			);
			dependencies = (
				858EEAE72CBD8DA2007ADF60 /* PBXTargetDependency */,
			);
			name = vababushkinPW1Tests;
			productName = vababushkinPW1Tests;
			productReference = 858EEAE52CBD8DA2007ADF60 /* vababushkinPW1Tests.xctest */;
			productType = "com.apple.product-type.bundle.unit-test";
		};
		858EEAEE2CBD8DA2007ADF60 /* vababushkinPW1UITests */ = {
			isa = PBXNativeTarget;
			buildConfigurationList = 858EEAFF2CBD8DA2007ADF60 /* Build configuration list for PBXNativeTarget "vababushkinPW1UITests" */;
			buildPhases = (
				858EEAEB2CBD8DA2007ADF60 /* Sources */,
				858EEAEC2CBD8DA2007ADF60 /* Frameworks */,
				858EEAED2CBD8DA2007ADF60 /* Resources */,
			);
			buildRules = (
			);
			dependencies = (
				858EEAF12CBD8DA2007ADF60 /* PBXTargetDependency */,
			);
			name = vababushkinPW1UITests;
			productName = vababushkinPW1UITests;
			productReference = 858EEAEF2CBD8DA2007ADF60 /* vababushkinPW1UITests.xctest */;
			productType = "com.apple.product-type.bundle.ui-testing";
		};
/* End PBXNativeTarget section */

/* Begin PBXProject section */
		858EEAC72CBD8D9F007ADF60 /* Project object */ = {
			isa = PBXProject;
			attributes = {
				BuildIndependentTargetsInParallel = 1;
				LastSwiftUpdateCheck = 1430;
				LastUpgradeCheck = 1430;
				TargetAttributes = {
					858EEACE2CBD8D9F007ADF60 = {
						CreatedOnToolsVersion = 14.3.1;
					};
					858EEAE42CBD8DA2007ADF60 = {
						CreatedOnToolsVersion = 14.3.1;
						TestTargetID = 858EEACE2CBD8D9F007ADF60;
					};
					858EEAEE2CBD8DA2007ADF60 = {
						CreatedOnToolsVersion = 14.3.1;
						TestTargetID = 858EEACE2CBD8D9F007ADF60;
					};
				};
			};
			buildConfigurationList = 858EEACA2CBD8D9F007ADF60 /* Build configuration list for PBXProject "vababushkinPW1" */;
			compatibilityVersion = "Xcode 14.0";
			developmentRegion = en;
			hasScannedForEncodings = 0;
			knownRegions = (
				en,
				Base,
			);
			mainGroup = 858EEAC62CBD8D9F007ADF60;
			productRefGroup = 858EEAD02CBD8D9F007ADF60 /* Products */;
			projectDirPath = "";
			projectRoot = "";
			targets = (
				858EEACE2CBD8D9F007ADF60 /* vababushkinPW1 */,
				858EEAE42CBD8DA2007ADF60 /* vababushkinPW1Tests */,
				858EEAEE2CBD8DA2007ADF60 /* vababushkinPW1UITests */,
			);
		};
/* End PBXProject section */

/* Begin PBXResourcesBuildPhase section */
		858EEACD2CBD8D9F007ADF60 /* Resources */ = {
			isa = PBXResourcesBuildPhase;
			buildActionMask = 2147483647;
			files = (
				858EEADF2CBD8DA1007ADF60 /* LaunchScreen.storyboard in Resources */,
				858EEADC2CBD8DA1007ADF60 /* Assets.xcassets in Resources */,
				858EEADA2CBD8D9F007ADF60 /* Main.storyboard in Resources */,
			);
			runOnlyForDeploymentPostprocessing = 0;
		};
		858EEAE32CBD8DA2007ADF60 /* Resources */ = {
			isa = PBXResourcesBuildPhase;
			buildActionMask = 2147483647;
			files = (
			);
			runOnlyForDeploymentPostprocessing = 0;
		};
		858EEAED2CBD8DA2007ADF60 /* Resources */ = {
			isa = PBXResourcesBuildPhase;
			buildActionMask = 2147483647;
			files = (
			);
			runOnlyForDeploymentPostprocessing = 0;
		};
/* End PBXResourcesBuildPhase section */

/* Begin PBXSourcesBuildPhase section */
		858EEACB2CBD8D9F007ADF60 /* Sources */ = {
			isa = PBXSourcesBuildPhase;
			buildActionMask = 2147483647;
			files = (
				85DB9FE42CBDE69900DB1D9A /* ChangeView.swift in Sources */,
				858EEAD72CBD8D9F007ADF60 /* ViewController.swift in Sources */,
				85DB9FE62CBDE72B00DB1D9A /* UIColorExtension.swift in Sources */,
				858EEAD32CBD8D9F007ADF60 /* AppDelegate.swift in Sources */,
				858EEAD52CBD8D9F007ADF60 /* SceneDelegate.swift in Sources */,
			);
			runOnlyForDeploymentPostprocessing = 0;
		};
		858EEAE12CBD8DA2007ADF60 /* Sources */ = {
			isa = PBXSourcesBuildPhase;
			buildActionMask = 2147483647;
			files = (
				858EEAEA2CBD8DA2007ADF60 /* vababushkinPW1Tests.swift in Sources */,
			);
			runOnlyForDeploymentPostprocessing = 0;
		};
		858EEAEB2CBD8DA2007ADF60 /* Sources */ = {
			isa = PBXSourcesBuildPhase;
			buildActionMask = 2147483647;
			files = (
				858EEAF62CBD8DA2007ADF60 /* vababushkinPW1UITestsLaunchTests.swift in Sources */,
				858EEAF42CBD8DA2007ADF60 /* vababushkinPW1UITests.swift in Sources */,
			);
			runOnlyForDeploymentPostprocessing = 0;
		};
/* End PBXSourcesBuildPhase section */

/* Begin PBXTargetDependency section */
		858EEAE72CBD8DA2007ADF60 /* PBXTargetDependency */ = {
			isa = PBXTargetDependency;
			target = 858EEACE2CBD8D9F007ADF60 /* vababushkinPW1 */;
			targetProxy = 858EEAE62CBD8DA2007ADF60 /* PBXContainerItemProxy */;
		};
		858EEAF12CBD8DA2007ADF60 /* PBXTargetDependency */ = {
			isa = PBXTargetDependency;
			target = 858EEACE2CBD8D9F007ADF60 /* vababushkinPW1 */;
			targetProxy = 858EEAF02CBD8DA2007ADF60 /* PBXContainerItemProxy */;
		};
/* End PBXTargetDependency section */

/* Begin PBXVariantGroup section */
		858EEAD82CBD8D9F007ADF60 /* Main.storyboard */ = {
			isa = PBXVariantGroup;
			children = (
				858EEAD92CBD8D9F007ADF60 /* Base */,
			);
			name = Main.storyboard;
			sourceTree = "<group>";
		};
		858EEADD2CBD8DA1007ADF60 /* LaunchScreen.storyboard */ = {
			isa = PBXVariantGroup;
			children = (
				858EEADE2CBD8DA1007ADF60 /* Base */,
			);
			name = LaunchScreen.storyboard;
			sourceTree = "<group>";
		};
/* End PBXVariantGroup section */

/* Begin XCBuildConfiguration section */
		858EEAF72CBD8DA2007ADF60 /* Debug */ = {
			isa = XCBuildConfiguration;
			buildSettings = {
				ALWAYS_SEARCH_USER_PATHS = NO;
				CLANG_ANALYZER_NONNULL = YES;
				CLANG_ANALYZER_NUMBER_OBJECT_CONVERSION = YES_AGGRESSIVE;
				CLANG_CXX_LANGUAGE_STANDARD = "gnu++20";
				CLANG_ENABLE_MODULES = YES;
				CLANG_ENABLE_OBJC_ARC = YES;
				CLANG_ENABLE_OBJC_WEAK = YES;
				CLANG_WARN_BLOCK_CAPTURE_AUTORELEASING = YES;
				CLANG_WARN_BOOL_CONVERSION = YES;
				CLANG_WARN_COMMA = YES;
				CLANG_WARN_CONSTANT_CONVERSION = YES;
				CLANG_WARN_DEPRECATED_OBJC_IMPLEMENTATIONS = YES;
				CLANG_WARN_DIRECT_OBJC_ISA_USAGE = YES_ERROR;
				CLANG_WARN_DOCUMENTATION_COMMENTS = YES;
				CLANG_WARN_EMPTY_BODY = YES;
				CLANG_WARN_ENUM_CONVERSION = YES;
				CLANG_WARN_INFINITE_RECURSION = YES;
				CLANG_WARN_INT_CONVERSION = YES;
				CLANG_WARN_NON_LITERAL_NULL_CONVERSION = YES;
				CLANG_WARN_OBJC_IMPLICIT_RETAIN_SELF = YES;
				CLANG_WARN_OBJC_LITERAL_CONVERSION = YES;
				CLANG_WARN_OBJC_ROOT_CLASS = YES_ERROR;
				CLANG_WARN_QUOTED_INCLUDE_IN_FRAMEWORK_HEADER = YES;
				CLANG_WARN_RANGE_LOOP_ANALYSIS = YES;
				CLANG_WARN_STRICT_PROTOTYPES = YES;
				CLANG_WARN_SUSPICIOUS_MOVE = YES;
				CLANG_WARN_UNGUARDED_AVAILABILITY = YES_AGGRESSIVE;
				CLANG_WARN_UNREACHABLE_CODE = YES;
				CLANG_WARN__DUPLICATE_METHOD_MATCH = YES;
				COPY_PHASE_STRIP = NO;
				DEBUG_INFORMATION_FORMAT = dwarf;
				ENABLE_STRICT_OBJC_MSGSEND = YES;
				ENABLE_TESTABILITY = YES;
				GCC_C_LANGUAGE_STANDARD = gnu11;
				GCC_DYNAMIC_NO_PIC = NO;
				GCC_NO_COMMON_BLOCKS = YES;
				GCC_OPTIMIZATION_LEVEL = 0;
				GCC_PREPROCESSOR_DEFINITIONS = (
					"DEBUG=1",
					"$(inherited)",
				);
				GCC_WARN_64_TO_32_BIT_CONVERSION = YES;
				GCC_WARN_ABOUT_RETURN_TYPE = YES_ERROR;
				GCC_WARN_UNDECLARED_SELECTOR = YES;
				GCC_WARN_UNINITIALIZED_AUTOS = YES_AGGRESSIVE;
				GCC_WARN_UNUSED_FUNCTION = YES;
				GCC_WARN_UNUSED_VARIABLE = YES;
				IPHONEOS_DEPLOYMENT_TARGET = 16.4;
				MTL_ENABLE_DEBUG_INFO = INCLUDE_SOURCE;
				MTL_FAST_MATH = YES;
				ONLY_ACTIVE_ARCH = YES;
				SDKROOT = iphoneos;
				SWIFT_ACTIVE_COMPILATION_CONDITIONS = DEBUG;
				SWIFT_OPTIMIZATION_LEVEL = "-Onone";
			};
			name = Debug;
		};
		858EEAF82CBD8DA2007ADF60 /* Release */ = {
			isa = XCBuildConfiguration;
			buildSettings = {
				ALWAYS_SEARCH_USER_PATHS = NO;
				CLANG_ANALYZER_NONNULL = YES;
				CLANG_ANALYZER_NUMBER_OBJECT_CONVERSION = YES_AGGRESSIVE;
				CLANG_CXX_LANGUAGE_STANDARD = "gnu++20";
				CLANG_ENABLE_MODULES = YES;
				CLANG_ENABLE_OBJC_ARC = YES;
				CLANG_ENABLE_OBJC_WEAK = YES;
				CLANG_WARN_BLOCK_CAPTURE_AUTORELEASING = YES;
				CLANG_WARN_BOOL_CONVERSION = YES;
				CLANG_WARN_COMMA = YES;
				CLANG_WARN_CONSTANT_CONVERSION = YES;
				CLANG_WARN_DEPRECATED_OBJC_IMPLEMENTATIONS = YES;
				CLANG_WARN_DIRECT_OBJC_ISA_USAGE = YES_ERROR;
				CLANG_WARN_DOCUMENTATION_COMMENTS = YES;
				CLANG_WARN_EMPTY_BODY = YES;
				CLANG_WARN_ENUM_CONVERSION = YES;
				CLANG_WARN_INFINITE_RECURSION = YES;
				CLANG_WARN_INT_CONVERSION = YES;
				CLANG_WARN_NON_LITERAL_NULL_CONVERSION = YES;
				CLANG_WARN_OBJC_IMPLICIT_RETAIN_SELF = YES;
				CLANG_WARN_OBJC_LITERAL_CONVERSION = YES;
				CLANG_WARN_OBJC_ROOT_CLASS = YES_ERROR;
				CLANG_WARN_QUOTED_INCLUDE_IN_FRAMEWORK_HEADER = YES;
				CLANG_WARN_RANGE_LOOP_ANALYSIS = YES;
				CLANG_WARN_STRICT_PROTOTYPES = YES;
				CLANG_WARN_SUSPICIOUS_MOVE = YES;
				CLANG_WARN_UNGUARDED_AVAILABILITY = YES_AGGRESSIVE;
				CLANG_WARN_UNREACHABLE_CODE = YES;
				CLANG_WARN__DUPLICATE_METHOD_MATCH = YES;
				COPY_PHASE_STRIP = NO;
				DEBUG_INFORMATION_FORMAT = "dwarf-with-dsym";
				ENABLE_NS_ASSERTIONS = NO;
				ENABLE_STRICT_OBJC_MSGSEND = YES;
				GCC_C_LANGUAGE_STANDARD = gnu11;
				GCC_NO_COMMON_BLOCKS = YES;
				GCC_WARN_64_TO_32_BIT_CONVERSION = YES;
				GCC_WARN_ABOUT_RETURN_TYPE = YES_ERROR;
				GCC_WARN_UNDECLARED_SELECTOR = YES;
				GCC_WARN_UNINITIALIZED_AUTOS = YES_AGGRESSIVE;
				GCC_WARN_UNUSED_FUNCTION = YES;
				GCC_WARN_UNUSED_VARIABLE = YES;
				IPHONEOS_DEPLOYMENT_TARGET = 16.4;
				MTL_ENABLE_DEBUG_INFO = NO;
				MTL_FAST_MATH = YES;
				SDKROOT = iphoneos;
				SWIFT_COMPILATION_MODE = wholemodule;
				SWIFT_OPTIMIZATION_LEVEL = "-O";
				VALIDATE_PRODUCT = YES;
			};
			name = Release;
		};
		858EEAFA2CBD8DA2007ADF60 /* Debug */ = {
			isa = XCBuildConfiguration;
			buildSettings = {
				ASSETCATALOG_COMPILER_APPICON_NAME = AppIcon;
				ASSETCATALOG_COMPILER_GLOBAL_ACCENT_COLOR_NAME = AccentColor;
				CODE_SIGN_STYLE = Automatic;
				CURRENT_PROJECT_VERSION = 1;
				GENERATE_INFOPLIST_FILE = YES;
				INFOPLIST_FILE = vababushkinPW1/Info.plist;
				INFOPLIST_KEY_UIApplicationSupportsIndirectInputEvents = YES;
				INFOPLIST_KEY_UILaunchStoryboardName = LaunchScreen;
				INFOPLIST_KEY_UIMainStoryboardFile = Main;
				INFOPLIST_KEY_UISupportedInterfaceOrientations_iPad = "UIInterfaceOrientationPortrait UIInterfaceOrientationPortraitUpsideDown UIInterfaceOrientationLandscapeLeft UIInterfaceOrientationLandscapeRight";
				INFOPLIST_KEY_UISupportedInterfaceOrientations_iPhone = "UIInterfaceOrientationPortrait UIInterfaceOrientationLandscapeLeft UIInterfaceOrientationLandscapeRight";
				LD_RUNPATH_SEARCH_PATHS = (
					"$(inherited)",
					"@executable_path/Frameworks",
				);
				MARKETING_VERSION = 1.0;
				PRODUCT_BUNDLE_IDENTIFIER = pw1.vababushkinPW1;
				PRODUCT_NAME = "$(TARGET_NAME)";
				SWIFT_EMIT_LOC_STRINGS = YES;
				SWIFT_VERSION = 5.0;
				TARGETED_DEVICE_FAMILY = "1,2";
			};
			name = Debug;
		};
		858EEAFB2CBD8DA2007ADF60 /* Release */ = {
			isa = XCBuildConfiguration;
			buildSettings = {
				ASSETCATALOG_COMPILER_APPICON_NAME = AppIcon;
				ASSETCATALOG_COMPILER_GLOBAL_ACCENT_COLOR_NAME = AccentColor;
				CODE_SIGN_STYLE = Automatic;
				CURRENT_PROJECT_VERSION = 1;
				GENERATE_INFOPLIST_FILE = YES;
				INFOPLIST_FILE = vababushkinPW1/Info.plist;
				INFOPLIST_KEY_UIApplicationSupportsIndirectInputEvents = YES;
				INFOPLIST_KEY_UILaunchStoryboardName = LaunchScreen;
				INFOPLIST_KEY_UIMainStoryboardFile = Main;
				INFOPLIST_KEY_UISupportedInterfaceOrientations_iPad = "UIInterfaceOrientationPortrait UIInterfaceOrientationPortraitUpsideDown UIInterfaceOrientationLandscapeLeft UIInterfaceOrientationLandscapeRight";
				INFOPLIST_KEY_UISupportedInterfaceOrientations_iPhone = "UIInterfaceOrientationPortrait UIInterfaceOrientationLandscapeLeft UIInterfaceOrientationLandscapeRight";
				LD_RUNPATH_SEARCH_PATHS = (
					"$(inherited)",
					"@executable_path/Frameworks",
				);
				MARKETING_VERSION = 1.0;
				PRODUCT_BUNDLE_IDENTIFIER = pw1.vababushkinPW1;
				PRODUCT_NAME = "$(TARGET_NAME)";
				SWIFT_EMIT_LOC_STRINGS = YES;
				SWIFT_VERSION = 5.0;
				TARGETED_DEVICE_FAMILY = "1,2";
			};
			name = Release;
		};
		858EEAFD2CBD8DA2007ADF60 /* Debug */ = {
			isa = XCBuildConfiguration;
			buildSettings = {
				ALWAYS_EMBED_SWIFT_STANDARD_LIBRARIES = YES;
				BUNDLE_LOADER = "$(TEST_HOST)";
				CODE_SIGN_STYLE = Automatic;
				CURRENT_PROJECT_VERSION = 1;
				GENERATE_INFOPLIST_FILE = YES;
				IPHONEOS_DEPLOYMENT_TARGET = 16.4;
				MARKETING_VERSION = 1.0;
				PRODUCT_BUNDLE_IDENTIFIER = pw1.vababushkinPW1Tests;
				PRODUCT_NAME = "$(TARGET_NAME)";
				SWIFT_EMIT_LOC_STRINGS = NO;
				SWIFT_VERSION = 5.0;
				TARGETED_DEVICE_FAMILY = "1,2";
				TEST_HOST = "$(BUILT_PRODUCTS_DIR)/vababushkinPW1.app/$(BUNDLE_EXECUTABLE_FOLDER_PATH)/vababushkinPW1";
			};
			name = Debug;
		};
		858EEAFE2CBD8DA2007ADF60 /* Release */ = {
			isa = XCBuildConfiguration;
			buildSettings = {
				ALWAYS_EMBED_SWIFT_STANDARD_LIBRARIES = YES;
				BUNDLE_LOADER = "$(TEST_HOST)";
				CODE_SIGN_STYLE = Automatic;
				CURRENT_PROJECT_VERSION = 1;
				GENERATE_INFOPLIST_FILE = YES;
				IPHONEOS_DEPLOYMENT_TARGET = 16.4;
				MARKETING_VERSION = 1.0;
				PRODUCT_BUNDLE_IDENTIFIER = pw1.vababushkinPW1Tests;
				PRODUCT_NAME = "$(TARGET_NAME)";
				SWIFT_EMIT_LOC_STRINGS = NO;
				SWIFT_VERSION = 5.0;
				TARGETED_DEVICE_FAMILY = "1,2";
				TEST_HOST = "$(BUILT_PRODUCTS_DIR)/vababushkinPW1.app/$(BUNDLE_EXECUTABLE_FOLDER_PATH)/vababushkinPW1";
			};
			name = Release;
		};
		858EEB002CBD8DA2007ADF60 /* Debug */ = {
			isa = XCBuildConfiguration;
			buildSettings = {
				ALWAYS_EMBED_SWIFT_STANDARD_LIBRARIES = YES;
				CODE_SIGN_STYLE = Automatic;
				CURRENT_PROJECT_VERSION = 1;
				GENERATE_INFOPLIST_FILE = YES;
				MARKETING_VERSION = 1.0;
				PRODUCT_BUNDLE_IDENTIFIER = pw1.vababushkinPW1UITests;
				PRODUCT_NAME = "$(TARGET_NAME)";
				SWIFT_EMIT_LOC_STRINGS = NO;
				SWIFT_VERSION = 5.0;
				TARGETED_DEVICE_FAMILY = "1,2";
				TEST_TARGET_NAME = vababushkinPW1;
			};
			name = Debug;
		};
		858EEB012CBD8DA2007ADF60 /* Release */ = {
			isa = XCBuildConfiguration;
			buildSettings = {
				ALWAYS_EMBED_SWIFT_STANDARD_LIBRARIES = YES;
				CODE_SIGN_STYLE = Automatic;
				CURRENT_PROJECT_VERSION = 1;
				GENERATE_INFOPLIST_FILE = YES;
				MARKETING_VERSION = 1.0;
				PRODUCT_BUNDLE_IDENTIFIER = pw1.vababushkinPW1UITests;
				PRODUCT_NAME = "$(TARGET_NAME)";
				SWIFT_EMIT_LOC_STRINGS = NO;
				SWIFT_VERSION = 5.0;
				TARGETED_DEVICE_FAMILY = "1,2";
				TEST_TARGET_NAME = vababushkinPW1;
			};
			name = Release;
		};
/* End XCBuildConfiguration section */

/* Begin XCConfigurationList section */
		858EEACA2CBD8D9F007ADF60 /* Build configuration list for PBXProject "vababushkinPW1" */ = {
			isa = XCConfigurationList;
			buildConfigurations = (
				858EEAF72CBD8DA2007ADF60 /* Debug */,
				858EEAF82CBD8DA2007ADF60 /* Release */,
			);
			defaultConfigurationIsVisible = 0;
			defaultConfigurationName = Release;
		};
		858EEAF92CBD8DA2007ADF60 /* Build configuration list for PBXNativeTarget "vababushkinPW1" */ = {
			isa = XCConfigurationList;
			buildConfigurations = (
				858EEAFA2CBD8DA2007ADF60 /* Debug */,
				858EEAFB2CBD8DA2007ADF60 /* Release */,
			);
			defaultConfigurationIsVisible = 0;
			defaultConfigurationName = Release;
		};
		858EEAFC2CBD8DA2007ADF60 /* Build configuration list for PBXNativeTarget "vababushkinPW1Tests" */ = {
			isa = XCConfigurationList;
			buildConfigurations = (
				858EEAFD2CBD8DA2007ADF60 /* Debug */,
				858EEAFE2CBD8DA2007ADF60 /* Release */,
			);
			defaultConfigurationIsVisible = 0;
			defaultConfigurationName = Release;
		};
		858EEAFF2CBD8DA2007ADF60 /* Build configuration list for PBXNativeTarget "vababushkinPW1UITests" */ = {
			isa = XCConfigurationList;
			buildConfigurations = (
				858EEB002CBD8DA2007ADF60 /* Debug */,
				858EEB012CBD8DA2007ADF60 /* Release */,
			);
			defaultConfigurationIsVisible = 0;
			defaultConfigurationName = Release;
		};
/* End XCConfigurationList section */
	};
	rootObject = 858EEAC72CBD8D9F007ADF60 /* Project object */;
}
