// !$*UTF8*$!
{
	archiveVersion = 1;
	classes = {
	};
	objectVersion = 56;
	objects = {

/* Begin PBXBuildFile section */
		8585418A2CBEDDD200159EA7 /* AppDelegate.swift in Sources */ = {isa = PBXBuildFile; fileRef = 858541892CBEDDD200159EA7 /* AppDelegate.swift */; };
		8585418C2CBEDDD200159EA7 /* SceneDelegate.swift in Sources */ = {isa = PBXBuildFile; fileRef = 8585418B2CBEDDD200159EA7 /* SceneDelegate.swift */; };
		8585418E2CBEDDD200159EA7 /* ViewController.swift in Sources */ = {isa = PBXBuildFile; fileRef = 8585418D2CBEDDD200159EA7 /* ViewController.swift */; };
		858541912CBEDDD200159EA7 /* Main.storyboard in Resources */ = {isa = PBXBuildFile; fileRef = 8585418F2CBEDDD200159EA7 /* Main.storyboard */; };
		858541932CBEDDD400159EA7 /* Assets.xcassets in Resources */ = {isa = PBXBuildFile; fileRef = 858541922CBEDDD400159EA7 /* Assets.xcassets */; };
		858541962CBEDDD400159EA7 /* LaunchScreen.storyboard in Resources */ = {isa = PBXBuildFile; fileRef = 858541942CBEDDD400159EA7 /* LaunchScreen.storyboard */; };
		858541A12CBEDDD400159EA7 /* seminar_3Tests.swift in Sources */ = {isa = PBXBuildFile; fileRef = 858541A02CBEDDD400159EA7 /* seminar_3Tests.swift */; };
		858541AB2CBEDDD400159EA7 /* seminar_3UITests.swift in Sources */ = {isa = PBXBuildFile; fileRef = 858541AA2CBEDDD400159EA7 /* seminar_3UITests.swift */; };
		858541AD2CBEDDD400159EA7 /* seminar_3UITestsLaunchTests.swift in Sources */ = {isa = PBXBuildFile; fileRef = 858541AC2CBEDDD400159EA7 /* seminar_3UITestsLaunchTests.swift */; };
		858541BA2CBEDE1B00159EA7 /* CustomButton.swift in Sources */ = {isa = PBXBuildFile; fileRef = 858541B92CBEDE1B00159EA7 /* CustomButton.swift */; };
		858541BC2CBEE05300159EA7 /* UIColorExtension.swift in Sources */ = {isa = PBXBuildFile; fileRef = 858541BB2CBEE05300159EA7 /* UIColorExtension.swift */; };
		858541BE2CBEE55C00159EA7 /* UIView+Pin.swift in Sources */ = {isa = PBXBuildFile; fileRef = 858541BD2CBEE55C00159EA7 /* UIView+Pin.swift */; };
/* End PBXBuildFile section */

/* Begin PBXContainerItemProxy section */
		8585419D2CBEDDD400159EA7 /* PBXContainerItemProxy */ = {
			isa = PBXContainerItemProxy;
			containerPortal = 8585417E2CBEDDD200159EA7 /* Project object */;
			proxyType = 1;
			remoteGlobalIDString = 858541852CBEDDD200159EA7;
			remoteInfo = "seminar 3";
		};
		858541A72CBEDDD400159EA7 /* PBXContainerItemProxy */ = {
			isa = PBXContainerItemProxy;
			containerPortal = 8585417E2CBEDDD200159EA7 /* Project object */;
			proxyType = 1;
			remoteGlobalIDString = 858541852CBEDDD200159EA7;
			remoteInfo = "seminar 3";
		};
/* End PBXContainerItemProxy section */

/* Begin PBXFileReference section */
		858541862CBEDDD200159EA7 /* seminar 3.app */ = {isa = PBXFileReference; explicitFileType = wrapper.application; includeInIndex = 0; path = "seminar 3.app"; sourceTree = BUILT_PRODUCTS_DIR; };
		858541892CBEDDD200159EA7 /* AppDelegate.swift */ = {isa = PBXFileReference; lastKnownFileType = sourcecode.swift; path = AppDelegate.swift; sourceTree = "<group>"; };
		8585418B2CBEDDD200159EA7 /* SceneDelegate.swift */ = {isa = PBXFileReference; lastKnownFileType = sourcecode.swift; path = SceneDelegate.swift; sourceTree = "<group>"; };
		8585418D2CBEDDD200159EA7 /* ViewController.swift */ = {isa = PBXFileReference; lastKnownFileType = sourcecode.swift; path = ViewController.swift; sourceTree = "<group>"; };
		858541902CBEDDD200159EA7 /* Base */ = {isa = PBXFileReference; lastKnownFileType = file.storyboard; name = Base; path = Base.lproj/Main.storyboard; sourceTree = "<group>"; };
		858541922CBEDDD400159EA7 /* Assets.xcassets */ = {isa = PBXFileReference; lastKnownFileType = folder.assetcatalog; path = Assets.xcassets; sourceTree = "<group>"; };
		858541952CBEDDD400159EA7 /* Base */ = {isa = PBXFileReference; lastKnownFileType = file.storyboard; name = Base; path = Base.lproj/LaunchScreen.storyboard; sourceTree = "<group>"; };
		858541972CBEDDD400159EA7 /* Info.plist */ = {isa = PBXFileReference; lastKnownFileType = text.plist.xml; path = Info.plist; sourceTree = "<group>"; };
		8585419C2CBEDDD400159EA7 /* seminar 3Tests.xctest */ = {isa = PBXFileReference; explicitFileType = wrapper.cfbundle; includeInIndex = 0; path = "seminar 3Tests.xctest"; sourceTree = BUILT_PRODUCTS_DIR; };
		858541A02CBEDDD400159EA7 /* seminar_3Tests.swift */ = {isa = PBXFileReference; lastKnownFileType = sourcecode.swift; path = seminar_3Tests.swift; sourceTree = "<group>"; };
		858541A62CBEDDD400159EA7 /* seminar 3UITests.xctest */ = {isa = PBXFileReference; explicitFileType = wrapper.cfbundle; includeInIndex = 0; path = "seminar 3UITests.xctest"; sourceTree = BUILT_PRODUCTS_DIR; };
		858541AA2CBEDDD400159EA7 /* seminar_3UITests.swift */ = {isa = PBXFileReference; lastKnownFileType = sourcecode.swift; path = seminar_3UITests.swift; sourceTree = "<group>"; };
		858541AC2CBEDDD400159EA7 /* seminar_3UITestsLaunchTests.swift */ = {isa = PBXFileReference; lastKnownFileType = sourcecode.swift; path = seminar_3UITestsLaunchTests.swift; sourceTree = "<group>"; };
		858541B92CBEDE1B00159EA7 /* CustomButton.swift */ = {isa = PBXFileReference; lastKnownFileType = sourcecode.swift; path = CustomButton.swift; sourceTree = "<group>"; };
		858541BB2CBEE05300159EA7 /* UIColorExtension.swift */ = {isa = PBXFileReference; lastKnownFileType = sourcecode.swift; path = UIColorExtension.swift; sourceTree = "<group>"; };
		858541BD2CBEE55C00159EA7 /* UIView+Pin.swift */ = {isa = PBXFileReference; fileEncoding = 4; lastKnownFileType = sourcecode.swift; name = "UIView+Pin.swift"; path = "../../../../../Downloads/UIView+Pin.swift"; sourceTree = "<group>"; };
/* End PBXFileReference section */

/* Begin PBXFrameworksBuildPhase section */
		858541832CBEDDD200159EA7 /* Frameworks */ = {
			isa = PBXFrameworksBuildPhase;
			buildActionMask = 2147483647;
			files = (
			);
			runOnlyForDeploymentPostprocessing = 0;
		};
		858541992CBEDDD400159EA7 /* Frameworks */ = {
			isa = PBXFrameworksBuildPhase;
			buildActionMask = 2147483647;
			files = (
			);
			runOnlyForDeploymentPostprocessing = 0;
		};
		858541A32CBEDDD400159EA7 /* Frameworks */ = {
			isa = PBXFrameworksBuildPhase;
			buildActionMask = 2147483647;
			files = (
			);
			runOnlyForDeploymentPostprocessing = 0;
		};
/* End PBXFrameworksBuildPhase section */

/* Begin PBXGroup section */
		8585417D2CBEDDD200159EA7 = {
			isa = PBXGroup;
			children = (
				858541882CBEDDD200159EA7 /* seminar 3 */,
				8585419F2CBEDDD400159EA7 /* seminar 3Tests */,
				858541A92CBEDDD400159EA7 /* seminar 3UITests */,
				858541872CBEDDD200159EA7 /* Products */,
			);
			sourceTree = "<group>";
		};
		858541872CBEDDD200159EA7 /* Products */ = {
			isa = PBXGroup;
			children = (
				858541862CBEDDD200159EA7 /* seminar 3.app */,
				8585419C2CBEDDD400159EA7 /* seminar 3Tests.xctest */,
				858541A62CBEDDD400159EA7 /* seminar 3UITests.xctest */,
			);
			name = Products;
			sourceTree = "<group>";
		};
		858541882CBEDDD200159EA7 /* seminar 3 */ = {
			isa = PBXGroup;
			children = (
				858541BD2CBEE55C00159EA7 /* UIView+Pin.swift */,
				858541B92CBEDE1B00159EA7 /* CustomButton.swift */,
				858541892CBEDDD200159EA7 /* AppDelegate.swift */,
				8585418B2CBEDDD200159EA7 /* SceneDelegate.swift */,
				8585418D2CBEDDD200159EA7 /* ViewController.swift */,
				8585418F2CBEDDD200159EA7 /* Main.storyboard */,
				858541922CBEDDD400159EA7 /* Assets.xcassets */,
				858541942CBEDDD400159EA7 /* LaunchScreen.storyboard */,
				858541972CBEDDD400159EA7 /* Info.plist */,
				858541BB2CBEE05300159EA7 /* UIColorExtension.swift */,
			);
			path = "seminar 3";
			sourceTree = "<group>";
		};
		8585419F2CBEDDD400159EA7 /* seminar 3Tests */ = {
			isa = PBXGroup;
			children = (
				858541A02CBEDDD400159EA7 /* seminar_3Tests.swift */,
			);
			path = "seminar 3Tests";
			sourceTree = "<group>";
		};
		858541A92CBEDDD400159EA7 /* seminar 3UITests */ = {
			isa = PBXGroup;
			children = (
				858541AA2CBEDDD400159EA7 /* seminar_3UITests.swift */,
				858541AC2CBEDDD400159EA7 /* seminar_3UITestsLaunchTests.swift */,
			);
			path = "seminar 3UITests";
			sourceTree = "<group>";
		};
/* End PBXGroup section */

/* Begin PBXNativeTarget section */
		858541852CBEDDD200159EA7 /* seminar 3 */ = {
			isa = PBXNativeTarget;
			buildConfigurationList = 858541B02CBEDDD400159EA7 /* Build configuration list for PBXNativeTarget "seminar 3" */;
			buildPhases = (
				858541822CBEDDD200159EA7 /* Sources */,
				858541832CBEDDD200159EA7 /* Frameworks */,
				858541842CBEDDD200159EA7 /* Resources */,
			);
			buildRules = (
			);
			dependencies = (
			);
			name = "seminar 3";
			productName = "seminar 3";
			productReference = 858541862CBEDDD200159EA7 /* seminar 3.app */;
			productType = "com.apple.product-type.application";
		};
		8585419B2CBEDDD400159EA7 /* seminar 3Tests */ = {
			isa = PBXNativeTarget;
			buildConfigurationList = 858541B32CBEDDD400159EA7 /* Build configuration list for PBXNativeTarget "seminar 3Tests" */;
			buildPhases = (
				858541982CBEDDD400159EA7 /* Sources */,
				858541992CBEDDD400159EA7 /* Frameworks */,
				8585419A2CBEDDD400159EA7 /* Resources */,
			);
			buildRules = (
			);
			dependencies = (
				8585419E2CBEDDD400159EA7 /* PBXTargetDependency */,
			);
			name = "seminar 3Tests";
			productName = "seminar 3Tests";
			productReference = 8585419C2CBEDDD400159EA7 /* seminar 3Tests.xctest */;
			productType = "com.apple.product-type.bundle.unit-test";
		};
		858541A52CBEDDD400159EA7 /* seminar 3UITests */ = {
			isa = PBXNativeTarget;
			buildConfigurationList = 858541B62CBEDDD400159EA7 /* Build configuration list for PBXNativeTarget "seminar 3UITests" */;
			buildPhases = (
				858541A22CBEDDD400159EA7 /* Sources */,
				858541A32CBEDDD400159EA7 /* Frameworks */,
				858541A42CBEDDD400159EA7 /* Resources */,
			);
			buildRules = (
			);
			dependencies = (
				858541A82CBEDDD400159EA7 /* PBXTargetDependency */,
			);
			name = "seminar 3UITests";
			productName = "seminar 3UITests";
			productReference = 858541A62CBEDDD400159EA7 /* seminar 3UITests.xctest */;
			productType = "com.apple.product-type.bundle.ui-testing";
		};
/* End PBXNativeTarget section */

/* Begin PBXProject section */
		8585417E2CBEDDD200159EA7 /* Project object */ = {
			isa = PBXProject;
			attributes = {
				BuildIndependentTargetsInParallel = 1;
				LastSwiftUpdateCheck = 1430;
				LastUpgradeCheck = 1430;
				TargetAttributes = {
					858541852CBEDDD200159EA7 = {
						CreatedOnToolsVersion = 14.3.1;
					};
					8585419B2CBEDDD400159EA7 = {
						CreatedOnToolsVersion = 14.3.1;
						TestTargetID = 858541852CBEDDD200159EA7;
					};
					858541A52CBEDDD400159EA7 = {
						CreatedOnToolsVersion = 14.3.1;
						TestTargetID = 858541852CBEDDD200159EA7;
					};
				};
			};
			buildConfigurationList = 858541812CBEDDD200159EA7 /* Build configuration list for PBXProject "seminar 3" */;
			compatibilityVersion = "Xcode 14.0";
			developmentRegion = en;
			hasScannedForEncodings = 0;
			knownRegions = (
				en,
				Base,
			);
			mainGroup = 8585417D2CBEDDD200159EA7;
			productRefGroup = 858541872CBEDDD200159EA7 /* Products */;
			projectDirPath = "";
			projectRoot = "";
			targets = (
				858541852CBEDDD200159EA7 /* seminar 3 */,
				8585419B2CBEDDD400159EA7 /* seminar 3Tests */,
				858541A52CBEDDD400159EA7 /* seminar 3UITests */,
			);
		};
/* End PBXProject section */

/* Begin PBXResourcesBuildPhase section */
		858541842CBEDDD200159EA7 /* Resources */ = {
			isa = PBXResourcesBuildPhase;
			buildActionMask = 2147483647;
			files = (
				858541962CBEDDD400159EA7 /* LaunchScreen.storyboard in Resources */,
				858541932CBEDDD400159EA7 /* Assets.xcassets in Resources */,
				858541912CBEDDD200159EA7 /* Main.storyboard in Resources */,
			);
			runOnlyForDeploymentPostprocessing = 0;
		};
		8585419A2CBEDDD400159EA7 /* Resources */ = {
			isa = PBXResourcesBuildPhase;
			buildActionMask = 2147483647;
			files = (
			);
			runOnlyForDeploymentPostprocessing = 0;
		};
		858541A42CBEDDD400159EA7 /* Resources */ = {
			isa = PBXResourcesBuildPhase;
			buildActionMask = 2147483647;
			files = (
			);
			runOnlyForDeploymentPostprocessing = 0;
		};
/* End PBXResourcesBuildPhase section */

/* Begin PBXSourcesBuildPhase section */
		858541822CBEDDD200159EA7 /* Sources */ = {
			isa = PBXSourcesBuildPhase;
			buildActionMask = 2147483647;
			files = (
				858541BA2CBEDE1B00159EA7 /* CustomButton.swift in Sources */,
				8585418E2CBEDDD200159EA7 /* ViewController.swift in Sources */,
				858541BE2CBEE55C00159EA7 /* UIView+Pin.swift in Sources */,
				858541BC2CBEE05300159EA7 /* UIColorExtension.swift in Sources */,
				8585418A2CBEDDD200159EA7 /* AppDelegate.swift in Sources */,
				8585418C2CBEDDD200159EA7 /* SceneDelegate.swift in Sources */,
			);
			runOnlyForDeploymentPostprocessing = 0;
		};
		858541982CBEDDD400159EA7 /* Sources */ = {
			isa = PBXSourcesBuildPhase;
			buildActionMask = 2147483647;
			files = (
				858541A12CBEDDD400159EA7 /* seminar_3Tests.swift in Sources */,
			);
			runOnlyForDeploymentPostprocessing = 0;
		};
		858541A22CBEDDD400159EA7 /* Sources */ = {
			isa = PBXSourcesBuildPhase;
			buildActionMask = 2147483647;
			files = (
				858541AD2CBEDDD400159EA7 /* seminar_3UITestsLaunchTests.swift in Sources */,
				858541AB2CBEDDD400159EA7 /* seminar_3UITests.swift in Sources */,
			);
			runOnlyForDeploymentPostprocessing = 0;
		};
/* End PBXSourcesBuildPhase section */

/* Begin PBXTargetDependency section */
		8585419E2CBEDDD400159EA7 /* PBXTargetDependency */ = {
			isa = PBXTargetDependency;
			target = 858541852CBEDDD200159EA7 /* seminar 3 */;
			targetProxy = 8585419D2CBEDDD400159EA7 /* PBXContainerItemProxy */;
		};
		858541A82CBEDDD400159EA7 /* PBXTargetDependency */ = {
			isa = PBXTargetDependency;
			target = 858541852CBEDDD200159EA7 /* seminar 3 */;
			targetProxy = 858541A72CBEDDD400159EA7 /* PBXContainerItemProxy */;
		};
/* End PBXTargetDependency section */

/* Begin PBXVariantGroup section */
		8585418F2CBEDDD200159EA7 /* Main.storyboard */ = {
			isa = PBXVariantGroup;
			children = (
				858541902CBEDDD200159EA7 /* Base */,
			);
			name = Main.storyboard;
			sourceTree = "<group>";
		};
		858541942CBEDDD400159EA7 /* LaunchScreen.storyboard */ = {
			isa = PBXVariantGroup;
			children = (
				858541952CBEDDD400159EA7 /* Base */,
			);
			name = LaunchScreen.storyboard;
			sourceTree = "<group>";
		};
/* End PBXVariantGroup section */

/* Begin XCBuildConfiguration section */
		858541AE2CBEDDD400159EA7 /* Debug */ = {
			isa = XCBuildConfiguration;
			buildSettings = {
				ALWAYS_SEARCH_USER_PATHS = NO;
				CLANG_ANALYZER_NONNULL = YES;
				CLANG_ANALYZER_NUMBER_OBJECT_CONVERSION = YES_AGGRESSIVE;
				CLANG_CXX_LANGUAGE_STANDARD = "gnu++20";
				CLANG_ENABLE_MODULES = YES;
				CLANG_ENABLE_OBJC_ARC = YES;
				CLANG_ENABLE_OBJC_WEAK = YES;
				CLANG_WARN_BLOCK_CAPTURE_AUTORELEASING = YES;
				CLANG_WARN_BOOL_CONVERSION = YES;
				CLANG_WARN_COMMA = YES;
				CLANG_WARN_CONSTANT_CONVERSION = YES;
				CLANG_WARN_DEPRECATED_OBJC_IMPLEMENTATIONS = YES;
				CLANG_WARN_DIRECT_OBJC_ISA_USAGE = YES_ERROR;
				CLANG_WARN_DOCUMENTATION_COMMENTS = YES;
				CLANG_WARN_EMPTY_BODY = YES;
				CLANG_WARN_ENUM_CONVERSION = YES;
				CLANG_WARN_INFINITE_RECURSION = YES;
				CLANG_WARN_INT_CONVERSION = YES;
				CLANG_WARN_NON_LITERAL_NULL_CONVERSION = YES;
				CLANG_WARN_OBJC_IMPLICIT_RETAIN_SELF = YES;
				CLANG_WARN_OBJC_LITERAL_CONVERSION = YES;
				CLANG_WARN_OBJC_ROOT_CLASS = YES_ERROR;
				CLANG_WARN_QUOTED_INCLUDE_IN_FRAMEWORK_HEADER = YES;
				CLANG_WARN_RANGE_LOOP_ANALYSIS = YES;
				CLANG_WARN_STRICT_PROTOTYPES = YES;
				CLANG_WARN_SUSPICIOUS_MOVE = YES;
				CLANG_WARN_UNGUARDED_AVAILABILITY = YES_AGGRESSIVE;
				CLANG_WARN_UNREACHABLE_CODE = YES;
				CLANG_WARN__DUPLICATE_METHOD_MATCH = YES;
				COPY_PHASE_STRIP = NO;
				DEBUG_INFORMATION_FORMAT = dwarf;
				ENABLE_STRICT_OBJC_MSGSEND = YES;
				ENABLE_TESTABILITY = YES;
				GCC_C_LANGUAGE_STANDARD = gnu11;
				GCC_DYNAMIC_NO_PIC = NO;
				GCC_NO_COMMON_BLOCKS = YES;
				GCC_OPTIMIZATION_LEVEL = 0;
				GCC_PREPROCESSOR_DEFINITIONS = (
					"DEBUG=1",
					"$(inherited)",
				);
				GCC_WARN_64_TO_32_BIT_CONVERSION = YES;
				GCC_WARN_ABOUT_RETURN_TYPE = YES_ERROR;
				GCC_WARN_UNDECLARED_SELECTOR = YES;
				GCC_WARN_UNINITIALIZED_AUTOS = YES_AGGRESSIVE;
				GCC_WARN_UNUSED_FUNCTION = YES;
				GCC_WARN_UNUSED_VARIABLE = YES;
				IPHONEOS_DEPLOYMENT_TARGET = 16.4;
				MTL_ENABLE_DEBUG_INFO = INCLUDE_SOURCE;
				MTL_FAST_MATH = YES;
				ONLY_ACTIVE_ARCH = YES;
				SDKROOT = iphoneos;
				SWIFT_ACTIVE_COMPILATION_CONDITIONS = DEBUG;
				SWIFT_OPTIMIZATION_LEVEL = "-Onone";
			};
			name = Debug;
		};
		858541AF2CBEDDD400159EA7 /* Release */ = {
			isa = XCBuildConfiguration;
			buildSettings = {
				ALWAYS_SEARCH_USER_PATHS = NO;
				CLANG_ANALYZER_NONNULL = YES;
				CLANG_ANALYZER_NUMBER_OBJECT_CONVERSION = YES_AGGRESSIVE;
				CLANG_CXX_LANGUAGE_STANDARD = "gnu++20";
				CLANG_ENABLE_MODULES = YES;
				CLANG_ENABLE_OBJC_ARC = YES;
				CLANG_ENABLE_OBJC_WEAK = YES;
				CLANG_WARN_BLOCK_CAPTURE_AUTORELEASING = YES;
				CLANG_WARN_BOOL_CONVERSION = YES;
				CLANG_WARN_COMMA = YES;
				CLANG_WARN_CONSTANT_CONVERSION = YES;
				CLANG_WARN_DEPRECATED_OBJC_IMPLEMENTATIONS = YES;
				CLANG_WARN_DIRECT_OBJC_ISA_USAGE = YES_ERROR;
				CLANG_WARN_DOCUMENTATION_COMMENTS = YES;
				CLANG_WARN_EMPTY_BODY = YES;
				CLANG_WARN_ENUM_CONVERSION = YES;
				CLANG_WARN_INFINITE_RECURSION = YES;
				CLANG_WARN_INT_CONVERSION = YES;
				CLANG_WARN_NON_LITERAL_NULL_CONVERSION = YES;
				CLANG_WARN_OBJC_IMPLICIT_RETAIN_SELF = YES;
				CLANG_WARN_OBJC_LITERAL_CONVERSION = YES;
				CLANG_WARN_OBJC_ROOT_CLASS = YES_ERROR;
				CLANG_WARN_QUOTED_INCLUDE_IN_FRAMEWORK_HEADER = YES;
				CLANG_WARN_RANGE_LOOP_ANALYSIS = YES;
				CLANG_WARN_STRICT_PROTOTYPES = YES;
				CLANG_WARN_SUSPICIOUS_MOVE = YES;
				CLANG_WARN_UNGUARDED_AVAILABILITY = YES_AGGRESSIVE;
				CLANG_WARN_UNREACHABLE_CODE = YES;
				CLANG_WARN__DUPLICATE_METHOD_MATCH = YES;
				COPY_PHASE_STRIP = NO;
				DEBUG_INFORMATION_FORMAT = "dwarf-with-dsym";
				ENABLE_NS_ASSERTIONS = NO;
				ENABLE_STRICT_OBJC_MSGSEND = YES;
				GCC_C_LANGUAGE_STANDARD = gnu11;
				GCC_NO_COMMON_BLOCKS = YES;
				GCC_WARN_64_TO_32_BIT_CONVERSION = YES;
				GCC_WARN_ABOUT_RETURN_TYPE = YES_ERROR;
				GCC_WARN_UNDECLARED_SELECTOR = YES;
				GCC_WARN_UNINITIALIZED_AUTOS = YES_AGGRESSIVE;
				GCC_WARN_UNUSED_FUNCTION = YES;
				GCC_WARN_UNUSED_VARIABLE = YES;
				IPHONEOS_DEPLOYMENT_TARGET = 16.4;
				MTL_ENABLE_DEBUG_INFO = NO;
				MTL_FAST_MATH = YES;
				SDKROOT = iphoneos;
				SWIFT_COMPILATION_MODE = wholemodule;
				SWIFT_OPTIMIZATION_LEVEL = "-O";
				VALIDATE_PRODUCT = YES;
			};
			name = Release;
		};
		858541B12CBEDDD400159EA7 /* Debug */ = {
			isa = XCBuildConfiguration;
			buildSettings = {
				ASSETCATALOG_COMPILER_APPICON_NAME = AppIcon;
				ASSETCATALOG_COMPILER_GLOBAL_ACCENT_COLOR_NAME = AccentColor;
				CODE_SIGN_STYLE = Automatic;
				CURRENT_PROJECT_VERSION = 1;
				GENERATE_INFOPLIST_FILE = YES;
				INFOPLIST_FILE = "seminar 3/Info.plist";
				INFOPLIST_KEY_UIApplicationSupportsIndirectInputEvents = YES;
				INFOPLIST_KEY_UILaunchStoryboardName = LaunchScreen;
				INFOPLIST_KEY_UISupportedInterfaceOrientations_iPad = "UIInterfaceOrientationPortrait UIInterfaceOrientationPortraitUpsideDown UIInterfaceOrientationLandscapeLeft UIInterfaceOrientationLandscapeRight";
				INFOPLIST_KEY_UISupportedInterfaceOrientations_iPhone = "UIInterfaceOrientationPortrait UIInterfaceOrientationLandscapeLeft UIInterfaceOrientationLandscapeRight";
				LD_RUNPATH_SEARCH_PATHS = (
					"$(inherited)",
					"@executable_path/Frameworks",
				);
				MARKETING_VERSION = 1.0;
				PRODUCT_BUNDLE_IDENTIFIER = "pw1.seminar-3";
				PRODUCT_NAME = "$(TARGET_NAME)";
				SWIFT_EMIT_LOC_STRINGS = YES;
				SWIFT_VERSION = 5.0;
				TARGETED_DEVICE_FAMILY = "1,2";
			};
			name = Debug;
		};
		858541B22CBEDDD400159EA7 /* Release */ = {
			isa = XCBuildConfiguration;
			buildSettings = {
				ASSETCATALOG_COMPILER_APPICON_NAME = AppIcon;
				ASSETCATALOG_COMPILER_GLOBAL_ACCENT_COLOR_NAME = AccentColor;
				CODE_SIGN_STYLE = Automatic;
				CURRENT_PROJECT_VERSION = 1;
				GENERATE_INFOPLIST_FILE = YES;
				INFOPLIST_FILE = "seminar 3/Info.plist";
				INFOPLIST_KEY_UIApplicationSupportsIndirectInputEvents = YES;
				INFOPLIST_KEY_UILaunchStoryboardName = LaunchScreen;
				INFOPLIST_KEY_UISupportedInterfaceOrientations_iPad = "UIInterfaceOrientationPortrait UIInterfaceOrientationPortraitUpsideDown UIInterfaceOrientationLandscapeLeft UIInterfaceOrientationLandscapeRight";
				INFOPLIST_KEY_UISupportedInterfaceOrientations_iPhone = "UIInterfaceOrientationPortrait UIInterfaceOrientationLandscapeLeft UIInterfaceOrientationLandscapeRight";
				LD_RUNPATH_SEARCH_PATHS = (
					"$(inherited)",
					"@executable_path/Frameworks",
				);
				MARKETING_VERSION = 1.0;
				PRODUCT_BUNDLE_IDENTIFIER = "pw1.seminar-3";
				PRODUCT_NAME = "$(TARGET_NAME)";
				SWIFT_EMIT_LOC_STRINGS = YES;
				SWIFT_VERSION = 5.0;
				TARGETED_DEVICE_FAMILY = "1,2";
			};
			name = Release;
		};
		858541B42CBEDDD400159EA7 /* Debug */ = {
			isa = XCBuildConfiguration;
			buildSettings = {
				ALWAYS_EMBED_SWIFT_STANDARD_LIBRARIES = YES;
				BUNDLE_LOADER = "$(TEST_HOST)";
				CODE_SIGN_STYLE = Automatic;
				CURRENT_PROJECT_VERSION = 1;
				GENERATE_INFOPLIST_FILE = YES;
				IPHONEOS_DEPLOYMENT_TARGET = 16.4;
				MARKETING_VERSION = 1.0;
				PRODUCT_BUNDLE_IDENTIFIER = "pw1.seminar-3Tests";
				PRODUCT_NAME = "$(TARGET_NAME)";
				SWIFT_EMIT_LOC_STRINGS = NO;
				SWIFT_VERSION = 5.0;
				TARGETED_DEVICE_FAMILY = "1,2";
				TEST_HOST = "$(BUILT_PRODUCTS_DIR)/seminar 3.app/$(BUNDLE_EXECUTABLE_FOLDER_PATH)/seminar 3";
			};
			name = Debug;
		};
		858541B52CBEDDD400159EA7 /* Release */ = {
			isa = XCBuildConfiguration;
			buildSettings = {
				ALWAYS_EMBED_SWIFT_STANDARD_LIBRARIES = YES;
				BUNDLE_LOADER = "$(TEST_HOST)";
				CODE_SIGN_STYLE = Automatic;
				CURRENT_PROJECT_VERSION = 1;
				GENERATE_INFOPLIST_FILE = YES;
				IPHONEOS_DEPLOYMENT_TARGET = 16.4;
				MARKETING_VERSION = 1.0;
				PRODUCT_BUNDLE_IDENTIFIER = "pw1.seminar-3Tests";
				PRODUCT_NAME = "$(TARGET_NAME)";
				SWIFT_EMIT_LOC_STRINGS = NO;
				SWIFT_VERSION = 5.0;
				TARGETED_DEVICE_FAMILY = "1,2";
				TEST_HOST = "$(BUILT_PRODUCTS_DIR)/seminar 3.app/$(BUNDLE_EXECUTABLE_FOLDER_PATH)/seminar 3";
			};
			name = Release;
		};
		858541B72CBEDDD400159EA7 /* Debug */ = {
			isa = XCBuildConfiguration;
			buildSettings = {
				ALWAYS_EMBED_SWIFT_STANDARD_LIBRARIES = YES;
				CODE_SIGN_STYLE = Automatic;
				CURRENT_PROJECT_VERSION = 1;
				GENERATE_INFOPLIST_FILE = YES;
				MARKETING_VERSION = 1.0;
				PRODUCT_BUNDLE_IDENTIFIER = "pw1.seminar-3UITests";
				PRODUCT_NAME = "$(TARGET_NAME)";
				SWIFT_EMIT_LOC_STRINGS = NO;
				SWIFT_VERSION = 5.0;
				TARGETED_DEVICE_FAMILY = "1,2";
				TEST_TARGET_NAME = "seminar 3";
			};
			name = Debug;
		};
		858541B82CBEDDD400159EA7 /* Release */ = {
			isa = XCBuildConfiguration;
			buildSettings = {
				ALWAYS_EMBED_SWIFT_STANDARD_LIBRARIES = YES;
				CODE_SIGN_STYLE = Automatic;
				CURRENT_PROJECT_VERSION = 1;
				GENERATE_INFOPLIST_FILE = YES;
				MARKETING_VERSION = 1.0;
				PRODUCT_BUNDLE_IDENTIFIER = "pw1.seminar-3UITests";
				PRODUCT_NAME = "$(TARGET_NAME)";
				SWIFT_EMIT_LOC_STRINGS = NO;
				SWIFT_VERSION = 5.0;
				TARGETED_DEVICE_FAMILY = "1,2";
				TEST_TARGET_NAME = "seminar 3";
			};
			name = Release;
		};
/* End XCBuildConfiguration section */

/* Begin XCConfigurationList section */
		858541812CBEDDD200159EA7 /* Build configuration list for PBXProject "seminar 3" */ = {
			isa = XCConfigurationList;
			buildConfigurations = (
				858541AE2CBEDDD400159EA7 /* Debug */,
				858541AF2CBEDDD400159EA7 /* Release */,
			);
			defaultConfigurationIsVisible = 0;
			defaultConfigurationName = Release;
		};
		858541B02CBEDDD400159EA7 /* Build configuration list for PBXNativeTarget "seminar 3" */ = {
			isa = XCConfigurationList;
			buildConfigurations = (
				858541B12CBEDDD400159EA7 /* Debug */,
				858541B22CBEDDD400159EA7 /* Release */,
			);
			defaultConfigurationIsVisible = 0;
			defaultConfigurationName = Release;
		};
		858541B32CBEDDD400159EA7 /* Build configuration list for PBXNativeTarget "seminar 3Tests" */ = {
			isa = XCConfigurationList;
			buildConfigurations = (
				858541B42CBEDDD400159EA7 /* Debug */,
				858541B52CBEDDD400159EA7 /* Release */,
			);
			defaultConfigurationIsVisible = 0;
			defaultConfigurationName = Release;
		};
		858541B62CBEDDD400159EA7 /* Build configuration list for PBXNativeTarget "seminar 3UITests" */ = {
			isa = XCConfigurationList;
			buildConfigurations = (
				858541B72CBEDDD400159EA7 /* Debug */,
				858541B82CBEDDD400159EA7 /* Release */,
			);
			defaultConfigurationIsVisible = 0;
			defaultConfigurationName = Release;
		};
/* End XCConfigurationList section */
	};
	rootObject = 8585417E2CBEDDD200159EA7 /* Project object */;
}
